
Microsoft Visual Studio Solution File, Format Version 12.00
# Visual Studio Version 17
VisualStudioVersion = 17.0.31903.59
MinimumVisualStudioVersion = 10.0.40219.1
Project("{2150E333-8FDC-42A3-9474-1A3956D46DE8}") = "BuildingBlocks", "BuildingBlocks", "{26337BAA-F114-447F-AF97-160FC507EC46}"
EndProject
Project("{2150E333-8FDC-42A3-9474-1A3956D46DE8}") = "Profiles", "Profiles", "{3F9E3E57-FCA8-44EB-97E9-F10361E372EB}"
EndProject
Project("{2150E333-8FDC-42A3-9474-1A3956D46DE8}") = "Discovery", "Discovery", "{3A53A6DF-D8A0-4411-8CF0-101CD1D40EFD}"
EndProject
Project("{2150E333-8FDC-42A3-9474-1A3956D46DE8}") = "Gateway", "Gateway", "{0F4CE885-2F60-4690-8DA2-2FFB5D272908}"
EndProject
Project("{2150E333-8FDC-42A3-9474-1A3956D46DE8}") = "Host", "Host", "{26F43F07-172B-48B3-AA73-1E86F2BFFB7F}"
EndProject
Project("{2150E333-8FDC-42A3-9474-1A3956D46DE8}") = "Web", "Web", "{C19F46FD-A32E-46E5-A376-296A2AD2CABA}"
EndProject
Project("{2150E333-8FDC-42A3-9474-1A3956D46DE8}") = "Modules", "Modules", "{7343C046-FB3D-4236-8C42-386B9B6BB550}"
EndProject
Project("{9A19103F-16F7-4668-BE54-9A1E7A4F7556}") = "K9Crush.BuildingBlocks.Domain", "src\BuildingBlocks\K9Crush.BuildingBlocks.Domain\K9Crush.BuildingBlocks.Domain.csproj", "{24AC2738-4D4E-4DC4-A203-F811BC808727}"
EndProject
Project("{9A19103F-16F7-4668-BE54-9A1E7A4F7556}") = "K9Crush.BuildingBlocks.Persistence", "src\BuildingBlocks\K9Crush.BuildingBlocks.Persistence\K9Crush.BuildingBlocks.Persistence.csproj", "{C245F2C8-2F45-4557-BBFC-FBD2C26A7225}"
EndProject
Project("{9A19103F-16F7-4668-BE54-9A1E7A4F7556}") = "K9Crush.BuildingBlocks.Web", "src\BuildingBlocks\K9Crush.BuildingBlocks.Web\K9Crush.BuildingBlocks.Web.csproj", "{CE973709-D97C-4C6A-99EE-327620C5FDB1}"
EndProject
Project("{9A19103F-16F7-4668-BE54-9A1E7A4F7556}") = "K9Crush.Modules.Profiles.Domain", "src\Modules\Profiles\K9Crush.Modules.Profiles.Domain\K9Crush.Modules.Profiles.Domain.csproj", "{64D3A7B5-0550-4285-A808-10DA1300F7A1}"
EndProject
Project("{9A19103F-16F7-4668-BE54-9A1E7A4F7556}") = "K9Crush.Modules.Profiles.Contracts", "src\Modules\Profiles\K9Crush.Modules.Profiles.Contracts\K9Crush.Modules.Profiles.Contracts.csproj", "{1B1A2BDA-DEDC-4299-89DF-CC5477A1A60D}"
EndProject
Project("{9A19103F-16F7-4668-BE54-9A1E7A4F7556}") = "K9Crush.Modules.Profiles.Api", "src\Modules\Profiles\K9Crush.Modules.Profiles.Api\K9Crush.Modules.Profiles.Api.csproj", "{00609ADD-B5AB-4EA3-AE4E-9641F791FEA6}"
EndProject
Project("{9A19103F-16F7-4668-BE54-9A1E7A4F7556}") = "K9Crush.Modules.Discovery.Domain", "src\Modules\Discovery\K9Crush.Modules.Discovery.Domain\K9Crush.Modules.Discovery.Domain.csproj", "{AF1961BA-1C47-4687-A21B-E41DA889E185}"
EndProject
Project("{9A19103F-16F7-4668-BE54-9A1E7A4F7556}") = "K9Crush.Modules.Discovery.Contracts", "src\Modules\Discovery\K9Crush.Modules.Discovery.Contracts\K9Crush.Modules.Discovery.Contracts.csproj", "{7D94F43B-1885-4F02-9A7C-BD2E5507F13F}"
EndProject
Project("{9A19103F-16F7-4668-BE54-9A1E7A4F7556}") = "K9Crush.Modules.Discovery.Api", "src\Modules\Discovery\K9Crush.Modules.Discovery.Api\K9Crush.Modules.Discovery.Api.csproj", "{68CE0944-3BBA-4F94-8C6E-B1C2CCD4F599}"
EndProject
Project("{9A19103F-16F7-4668-BE54-9A1E7A4F7556}") = "K9Crush.Gateway", "src\Gateway\K9Crush.Gateway\K9Crush.Gateway.csproj", "{9FA6D291-D2B4-45A7-AACB-F98CA11AD2C4}"
EndProject
Project("{9A19103F-16F7-4668-BE54-9A1E7A4F7556}") = "K9Crush.Api.Host", "src\Host\K9Crush.Api.Host\K9Crush.Api.Host.csproj", "{3120462B-B879-4652-B127-9F6F2ADB56A1}"
EndProject
Project("{9A19103F-16F7-4668-BE54-9A1E7A4F7556}") = "K9Crush.Blazor.App", "src\Web\K9Crush.Blazor.App\K9Crush.Blazor.App.csproj", "{0CAD729B-DEF0-4BEF-9B13-3FE5A6BFD536}"
EndProject
Project("{2150E333-8FDC-42A3-9474-1A3956D46DE8}") = "Identity", "Identity", "{0EC62A1A-9858-3A60-8A0C-FC9AACFA2EC7}"
EndProject
Project("{9A19103F-16F7-4668-BE54-9A1E7A4F7556}") = "K9Crush.Modules.Identity.Domain", "src\Modules\Identity\K9Crush.Modules.Identity.Domain\K9Crush.Modules.Identity.Domain.csproj", "{515B6631-4482-42EF-A1E2-09115512CC1C}"
EndProject
Project("{9A19103F-16F7-4668-BE54-9A1E7A4F7556}") = "K9Crush.Modules.Identity.Contracts", "src\Modules\Identity\K9Crush.Modules.Identity.Contracts\K9Crush.Modules.Identity.Contracts.csproj", "{2B8C0AB7-5BA9-4CAE-BE54-0E5AB31902E8}"
EndProject
Project("{9A19103F-16F7-4668-BE54-9A1E7A4F7556}") = "K9Crush.Modules.Identity.Api", "src\Modules\Identity\K9Crush.Modules.Identity.Api\K9Crush.Modules.Identity.Api.csproj", "{02D69B2E-446A-4A6B-A05A-E1FB3CBD0FC9}"
EndProject
Project("{2150E333-8FDC-42A3-9474-1A3956D46DE8}") = "ShelterAdoption", "ShelterAdoption", "{2B4FD3D5-7523-42E3-6AAA-ADDC3268C88B}"
EndProject
Project("{9A19103F-16F7-4668-BE54-9A1E7A4F7556}") = "K9Crush.Modules.ShelterAdoption.Domain", "src\Modules\ShelterAdoption\K9Crush.Modules.ShelterAdoption.Domain\K9Crush.Modules.ShelterAdoption.Domain.csproj", "{3ECF99B3-5B1A-472D-BBE2-28A92E941165}"
EndProject
Project("{9A19103F-16F7-4668-BE54-9A1E7A4F7556}") = "K9Crush.Modules.ShelterAdoption.Api", "src\Modules\ShelterAdoption\K9Crush.Modules.ShelterAdoption.Api\K9Crush.Modules.ShelterAdoption.Api.csproj", "{7E3E0A27-E40B-489D-826C-62317EFFD74B}"
EndProject
Project("{9A19103F-16F7-4668-BE54-9A1E7A4F7556}") = "K9Crush.Modules.ShelterAdoption.Contracts", "src\Modules\ShelterAdoption\K9Crush.Modules.ShelterAdoption.Contracts\K9Crush.Modules.ShelterAdoption.Contracts.csproj", "{A1E86ABD-47C0-4534-9F4D-1E338DBE25CF}"
EndProject
Project("{2150E333-8FDC-42A3-9474-1A3956D46DE8}") = "tests", "tests", "{0AB3BF05-4346-4AA6-1389-037BE0695223}"
EndProject
Project("{FAE04EC0-301F-11D3-BF4B-00C04F79EFBC}") = "K9Crush.ArchitectureTests", "tests\K9Crush.ArchitectureTests\K9Crush.ArchitectureTests.csproj", "{EB27F697-B5AF-4EA6-A305-530458B19980}"
EndProject
Project("{FAE04EC0-301F-11D3-BF4B-00C04F79EFBC}") = "K9Crush.Modules.ShelterAdoption.Tests", "tests\K9Crush.Modules.ShelterAdoption.Tests\K9Crush.Modules.ShelterAdoption.Tests.csproj", "{964CEF01-0C4C-4504-AB95-71D38BF49643}"
EndProject
Project("{FAE04EC0-301F-11D3-BF4B-00C04F79EFBC}") = "K9Crush.IntegrationTests", "tests\K9Crush.IntegrationTests\K9Crush.IntegrationTests.csproj", "{FAB5EA38-6066-4CB4-989D-34FD8ED652AB}"
EndProject
Project("{FAE04EC0-301F-11D3-BF4B-00C04F79EFBC}") = "K9Crush.Modules.Discovery.Tests", "tests\K9Crush.Modules.Discovery.Tests\K9Crush.Modules.Discovery.Tests.csproj", "{C5A29FEB-08B2-4570-8E09-083809506E4A}"
EndProject
Project("{2150E333-8FDC-42A3-9474-1A3956D46DE8}") = "src", "src", "{827E0CD3-B72D-47B6-A68D-7590B98EB39B}"
EndProject
Project("{2150E333-8FDC-42A3-9474-1A3956D46DE8}") = "Modules", "Modules", "{EC447DCF-ABFA-6E24-52A5-D7FD48A5C558}"
EndProject
Project("{FAE04EC0-301F-11D3-BF4B-00C04F79EFBC}") = "K9Crush.Modules.Profiles.Tests", "tests\K9Crush.Modules.Profiles.Tests\K9Crush.Modules.Profiles.Tests.csproj", "{2CC6B49D-4DAC-4D57-AF52-5E4CC7AFE0E5}"
EndProject
Project("{2150E333-8FDC-42A3-9474-1A3956D46DE8}") = "Notifications", "Notifications", "{DE9DAF8A-E684-0FD3-FFDC-40D3E3158533}"
EndProject
Project("{FAE04EC0-301F-11D3-BF4B-00C04F79EFBC}") = "K9Crush.Modules.Notifications.Domain", "src\Modules\Notifications\K9Crush.Modules.Notifications.Domain\K9Crush.Modules.Notifications.Domain.csproj", "{4C4A3920-B131-44E1-8AFE-20000D66220F}"
EndProject
Project("{FAE04EC0-301F-11D3-BF4B-00C04F79EFBC}") = "K9Crush.Modules.Notifications.Api", "src\Modules\Notifications\K9Crush.Modules.Notifications.Api\K9Crush.Modules.Notifications.Api.csproj", "{3F1DB133-DE07-43B0-AF1B-B46246240968}"
EndProject
Project("{FAE04EC0-301F-11D3-BF4B-00C04F79EFBC}") = "K9Crush.Modules.Notifications.Tests", "tests\K9Crush.Modules.Notifications.Tests\K9Crush.Modules.Notifications.Tests.csproj", "{9959C144-BA77-42DB-A0F8-D51BCBD5E5CF}"
EndProject
Project("{2150E333-8FDC-42A3-9474-1A3956D46DE8}") = "Chat", "Chat", "{06A38725-C107-8416-62C6-3CAB91983C18}"
EndProject
Project("{FAE04EC0-301F-11D3-BF4B-00C04F79EFBC}") = "K9Crush.Modules.Chat.Domain", "src\Modules\Chat\K9Crush.Modules.Chat.Domain\K9Crush.Modules.Chat.Domain.csproj", "{FDAB297C-0EF5-46FF-A220-75639755CFB4}"
EndProject
Project("{2150E333-8FDC-42A3-9474-1A3956D46DE8}") = "BuildingBlocks", "BuildingBlocks", "{90298CBA-BD6F-3A0A-69D5-97CAD7B05E7E}"
EndProject
Project("{FAE04EC0-301F-11D3-BF4B-00C04F79EFBC}") = "K9Crush.Modules.Chat.Api", "src\Modules\Chat\K9Crush.Modules.Chat.Api\K9Crush.Modules.Chat.Api.csproj", "{92CB31CF-0F4F-43A8-B55B-B2C653561C09}"
EndProject
Project("{2150E333-8FDC-42A3-9474-1A3956D46DE8}") = "Discovery", "Discovery", "{45D4843E-D65D-046D-A47C-6FD9A62F431A}"
EndProject
Project("{FAE04EC0-301F-11D3-BF4B-00C04F79EFBC}") = "K9Crush.Modules.Identity.Tests", "tests\K9Crush.Modules.Identity.Tests\K9Crush.Modules.Identity.Tests.csproj", "{F82A58FF-CF79-4775-AD0D-43354C860966}"
EndProject
Project("{2150E333-8FDC-42A3-9474-1A3956D46DE8}") = "Admin", "Admin", "{E9E1155A-A339-766C-C185-6698FF423EBC}"
EndProject
Project("{FAE04EC0-301F-11D3-BF4B-00C04F79EFBC}") = "K9Crush.Modules.Admin.Domain", "src\Modules\Admin\K9Crush.Modules.Admin.Domain\K9Crush.Modules.Admin.Domain.csproj", "{39F99F62-577F-4C54-9C27-36570396E5AF}"
EndProject
Project("{FAE04EC0-301F-11D3-BF4B-00C04F79EFBC}") = "K9Crush.Modules.Admin.Api", "src\Modules\Admin\K9Crush.Modules.Admin.Api\K9Crush.Modules.Admin.Api.csproj", "{6FBE388C-5949-4116-AACB-FB97268364F9}"
EndProject
Project("{FAE04EC0-301F-11D3-BF4B-00C04F79EFBC}") = "K9Crush.Modules.Admin.Tests", "tests\K9Crush.Modules.Admin.Tests\K9Crush.Modules.Admin.Tests.csproj", "{2D704732-F687-4F19-89B5-1A6F8A03E811}"
EndProject
Global
	GlobalSection(SolutionConfigurationPlatforms) = preSolution
		Debug|Any CPU = Debug|Any CPU
		Debug|x64 = Debug|x64
		Debug|x86 = Debug|x86
		Release|Any CPU = Release|Any CPU
		Release|x64 = Release|x64
		Release|x86 = Release|x86
	EndGlobalSection
	GlobalSection(ProjectConfigurationPlatforms) = postSolution
		{24AC2738-4D4E-4DC4-A203-F811BC808727}.Debug|Any CPU.ActiveCfg = Debug|Any CPU
		{24AC2738-4D4E-4DC4-A203-F811BC808727}.Debug|Any CPU.Build.0 = Debug|Any CPU
		{24AC2738-4D4E-4DC4-A203-F811BC808727}.Debug|x64.ActiveCfg = Debug|Any CPU
		{24AC2738-4D4E-4DC4-A203-F811BC808727}.Debug|x64.Build.0 = Debug|Any CPU
		{24AC2738-4D4E-4DC4-A203-F811BC808727}.Debug|x86.ActiveCfg = Debug|Any CPU
		{24AC2738-4D4E-4DC4-A203-F811BC808727}.Debug|x86.Build.0 = Debug|Any CPU
		{24AC2738-4D4E-4DC4-A203-F811BC808727}.Release|Any CPU.ActiveCfg = Release|Any CPU
		{24AC2738-4D4E-4DC4-A203-F811BC808727}.Release|Any CPU.Build.0 = Release|Any CPU
		{24AC2738-4D4E-4DC4-A203-F811BC808727}.Release|x64.ActiveCfg = Release|Any CPU
		{24AC2738-4D4E-4DC4-A203-F811BC808727}.Release|x64.Build.0 = Release|Any CPU
		{24AC2738-4D4E-4DC4-A203-F811BC808727}.Release|x86.ActiveCfg = Release|Any CPU
		{24AC2738-4D4E-4DC4-A203-F811BC808727}.Release|x86.Build.0 = Release|Any CPU
		{C245F2C8-2F45-4557-BBFC-FBD2C26A7225}.Debug|Any CPU.ActiveCfg = Debug|Any CPU
		{C245F2C8-2F45-4557-BBFC-FBD2C26A7225}.Debug|Any CPU.Build.0 = Debug|Any CPU
		{C245F2C8-2F45-4557-BBFC-FBD2C26A7225}.Debug|x64.ActiveCfg = Debug|Any CPU
		{C245F2C8-2F45-4557-BBFC-FBD2C26A7225}.Debug|x64.Build.0 = Debug|Any CPU
		{C245F2C8-2F45-4557-BBFC-FBD2C26A7225}.Debug|x86.ActiveCfg = Debug|Any CPU
		{C245F2C8-2F45-4557-BBFC-FBD2C26A7225}.Debug|x86.Build.0 = Debug|Any CPU
		{C245F2C8-2F45-4557-BBFC-FBD2C26A7225}.Release|Any CPU.ActiveCfg = Release|Any CPU
		{C245F2C8-2F45-4557-BBFC-FBD2C26A7225}.Release|Any CPU.Build.0 = Release|Any CPU
		{C245F2C8-2F45-4557-BBFC-FBD2C26A7225}.Release|x64.ActiveCfg = Release|Any CPU
		{C245F2C8-2F45-4557-BBFC-FBD2C26A7225}.Release|x64.Build.0 = Release|Any CPU
		{C245F2C8-2F45-4557-BBFC-FBD2C26A7225}.Release|x86.ActiveCfg = Release|Any CPU
		{C245F2C8-2F45-4557-BBFC-FBD2C26A7225}.Release|x86.Build.0 = Release|Any CPU
		{CE973709-D97C-4C6A-99EE-327620C5FDB1}.Debug|Any CPU.ActiveCfg = Debug|Any CPU
		{CE973709-D97C-4C6A-99EE-327620C5FDB1}.Debug|Any CPU.Build.0 = Debug|Any CPU
		{CE973709-D97C-4C6A-99EE-327620C5FDB1}.Debug|x64.ActiveCfg = Debug|Any CPU
		{CE973709-D97C-4C6A-99EE-327620C5FDB1}.Debug|x64.Build.0 = Debug|Any CPU
		{CE973709-D97C-4C6A-99EE-327620C5FDB1}.Debug|x86.ActiveCfg = Debug|Any CPU
		{CE973709-D97C-4C6A-99EE-327620C5FDB1}.Debug|x86.Build.0 = Debug|Any CPU
		{CE973709-D97C-4C6A-99EE-327620C5FDB1}.Release|Any CPU.ActiveCfg = Release|Any CPU
		{CE973709-D97C-4C6A-99EE-327620C5FDB1}.Release|Any CPU.Build.0 = Release|Any CPU
		{CE973709-D97C-4C6A-99EE-327620C5FDB1}.Release|x64.ActiveCfg = Release|Any CPU
		{CE973709-D97C-4C6A-99EE-327620C5FDB1}.Release|x64.Build.0 = Release|Any CPU
		{CE973709-D97C-4C6A-99EE-327620C5FDB1}.Release|x86.ActiveCfg = Release|Any CPU
		{CE973709-D97C-4C6A-99EE-327620C5FDB1}.Release|x86.Build.0 = Release|Any CPU
		{64D3A7B5-0550-4285-A808-10DA1300F7A1}.Debug|Any CPU.ActiveCfg = Debug|Any CPU
		{64D3A7B5-0550-4285-A808-10DA1300F7A1}.Debug|Any CPU.Build.0 = Debug|Any CPU
		{64D3A7B5-0550-4285-A808-10DA1300F7A1}.Debug|x64.ActiveCfg = Debug|Any CPU
		{64D3A7B5-0550-4285-A808-10DA1300F7A1}.Debug|x64.Build.0 = Debug|Any CPU
		{64D3A7B5-0550-4285-A808-10DA1300F7A1}.Debug|x86.ActiveCfg = Debug|Any CPU
		{64D3A7B5-0550-4285-A808-10DA1300F7A1}.Debug|x86.Build.0 = Debug|Any CPU
		{64D3A7B5-0550-4285-A808-10DA1300F7A1}.Release|Any CPU.ActiveCfg = Release|Any CPU
		{64D3A7B5-0550-4285-A808-10DA1300F7A1}.Release|Any CPU.Build.0 = Release|Any CPU
		{64D3A7B5-0550-4285-A808-10DA1300F7A1}.Release|x64.ActiveCfg = Release|Any CPU
		{64D3A7B5-0550-4285-A808-10DA1300F7A1}.Release|x64.Build.0 = Release|Any CPU
		{64D3A7B5-0550-4285-A808-10DA1300F7A1}.Release|x86.ActiveCfg = Release|Any CPU
		{64D3A7B5-0550-4285-A808-10DA1300F7A1}.Release|x86.Build.0 = Release|Any CPU
		{1B1A2BDA-DEDC-4299-89DF-CC5477A1A60D}.Debug|Any CPU.ActiveCfg = Debug|Any CPU
		{1B1A2BDA-DEDC-4299-89DF-CC5477A1A60D}.Debug|Any CPU.Build.0 = Debug|Any CPU
		{1B1A2BDA-DEDC-4299-89DF-CC5477A1A60D}.Debug|x64.ActiveCfg = Debug|Any CPU
		{1B1A2BDA-DEDC-4299-89DF-CC5477A1A60D}.Debug|x64.Build.0 = Debug|Any CPU
		{1B1A2BDA-DEDC-4299-89DF-CC5477A1A60D}.Debug|x86.ActiveCfg = Debug|Any CPU
		{1B1A2BDA-DEDC-4299-89DF-CC5477A1A60D}.Debug|x86.Build.0 = Debug|Any CPU
		{1B1A2BDA-DEDC-4299-89DF-CC5477A1A60D}.Release|Any CPU.ActiveCfg = Release|Any CPU
		{1B1A2BDA-DEDC-4299-89DF-CC5477A1A60D}.Release|Any CPU.Build.0 = Release|Any CPU
		{1B1A2BDA-DEDC-4299-89DF-CC5477A1A60D}.Release|x64.ActiveCfg = Release|Any CPU
		{1B1A2BDA-DEDC-4299-89DF-CC5477A1A60D}.Release|x64.Build.0 = Release|Any CPU
		{1B1A2BDA-DEDC-4299-89DF-CC5477A1A60D}.Release|x86.ActiveCfg = Release|Any CPU
		{1B1A2BDA-DEDC-4299-89DF-CC5477A1A60D}.Release|x86.Build.0 = Release|Any CPU
		{00609ADD-B5AB-4EA3-AE4E-9641F791FEA6}.Debug|Any CPU.ActiveCfg = Debug|Any CPU
		{00609ADD-B5AB-4EA3-AE4E-9641F791FEA6}.Debug|Any CPU.Build.0 = Debug|Any CPU
		{00609ADD-B5AB-4EA3-AE4E-9641F791FEA6}.Debug|x64.ActiveCfg = Debug|Any CPU
		{00609ADD-B5AB-4EA3-AE4E-9641F791FEA6}.Debug|x64.Build.0 = Debug|Any CPU
		{00609ADD-B5AB-4EA3-AE4E-9641F791FEA6}.Debug|x86.ActiveCfg = Debug|Any CPU
		{00609ADD-B5AB-4EA3-AE4E-9641F791FEA6}.Debug|x86.Build.0 = Debug|Any CPU
		{00609ADD-B5AB-4EA3-AE4E-9641F791FEA6}.Release|Any CPU.ActiveCfg = Release|Any CPU
		{00609ADD-B5AB-4EA3-AE4E-9641F791FEA6}.Release|Any CPU.Build.0 = Release|Any CPU
		{00609ADD-B5AB-4EA3-AE4E-9641F791FEA6}.Release|x64.ActiveCfg = Release|Any CPU
		{00609ADD-B5AB-4EA3-AE4E-9641F791FEA6}.Release|x64.Build.0 = Release|Any CPU
		{00609ADD-B5AB-4EA3-AE4E-9641F791FEA6}.Release|x86.ActiveCfg = Release|Any CPU
		{00609ADD-B5AB-4EA3-AE4E-9641F791FEA6}.Release|x86.Build.0 = Release|Any CPU
		{AF1961BA-1C47-4687-A21B-E41DA889E185}.Debug|Any CPU.ActiveCfg = Debug|Any CPU
		{AF1961BA-1C47-4687-A21B-E41DA889E185}.Debug|Any CPU.Build.0 = Debug|Any CPU
		{AF1961BA-1C47-4687-A21B-E41DA889E185}.Debug|x64.ActiveCfg = Debug|Any CPU
		{AF1961BA-1C47-4687-A21B-E41DA889E185}.Debug|x64.Build.0 = Debug|Any CPU
		{AF1961BA-1C47-4687-A21B-E41DA889E185}.Debug|x86.ActiveCfg = Debug|Any CPU
		{AF1961BA-1C47-4687-A21B-E41DA889E185}.Debug|x86.Build.0 = Debug|Any CPU
		{AF1961BA-1C47-4687-A21B-E41DA889E185}.Release|Any CPU.ActiveCfg = Release|Any CPU
		{AF1961BA-1C47-4687-A21B-E41DA889E185}.Release|Any CPU.Build.0 = Release|Any CPU
		{AF1961BA-1C47-4687-A21B-E41DA889E185}.Release|x64.ActiveCfg = Release|Any CPU
		{AF1961BA-1C47-4687-A21B-E41DA889E185}.Release|x64.Build.0 = Release|Any CPU
		{AF1961BA-1C47-4687-A21B-E41DA889E185}.Release|x86.ActiveCfg = Release|Any CPU
		{AF1961BA-1C47-4687-A21B-E41DA889E185}.Release|x86.Build.0 = Release|Any CPU
		{7D94F43B-1885-4F02-9A7C-BD2E5507F13F}.Debug|Any CPU.ActiveCfg = Debug|Any CPU
		{7D94F43B-1885-4F02-9A7C-BD2E5507F13F}.Debug|Any CPU.Build.0 = Debug|Any CPU
		{7D94F43B-1885-4F02-9A7C-BD2E5507F13F}.Debug|x64.ActiveCfg = Debug|Any CPU
		{7D94F43B-1885-4F02-9A7C-BD2E5507F13F}.Debug|x64.Build.0 = Debug|Any CPU
		{7D94F43B-1885-4F02-9A7C-BD2E5507F13F}.Debug|x86.ActiveCfg = Debug|Any CPU
		{7D94F43B-1885-4F02-9A7C-BD2E5507F13F}.Debug|x86.Build.0 = Debug|Any CPU
		{7D94F43B-1885-4F02-9A7C-BD2E5507F13F}.Release|Any CPU.ActiveCfg = Release|Any CPU
		{7D94F43B-1885-4F02-9A7C-BD2E5507F13F}.Release|Any CPU.Build.0 = Release|Any CPU
		{7D94F43B-1885-4F02-9A7C-BD2E5507F13F}.Release|x64.ActiveCfg = Release|Any CPU
		{7D94F43B-1885-4F02-9A7C-BD2E5507F13F}.Release|x64.Build.0 = Release|Any CPU
		{7D94F43B-1885-4F02-9A7C-BD2E5507F13F}.Release|x86.ActiveCfg = Release|Any CPU
		{7D94F43B-1885-4F02-9A7C-BD2E5507F13F}.Release|x86.Build.0 = Release|Any CPU
		{68CE0944-3BBA-4F94-8C6E-B1C2CCD4F599}.Debug|Any CPU.ActiveCfg = Debug|Any CPU
		{68CE0944-3BBA-4F94-8C6E-B1C2CCD4F599}.Debug|Any CPU.Build.0 = Debug|Any CPU
		{68CE0944-3BBA-4F94-8C6E-B1C2CCD4F599}.Debug|x64.ActiveCfg = Debug|Any CPU
		{68CE0944-3BBA-4F94-8C6E-B1C2CCD4F599}.Debug|x64.Build.0 = Debug|Any CPU
		{68CE0944-3BBA-4F94-8C6E-B1C2CCD4F599}.Debug|x86.ActiveCfg = Debug|Any CPU
		{68CE0944-3BBA-4F94-8C6E-B1C2CCD4F599}.Debug|x86.Build.0 = Debug|Any CPU
		{68CE0944-3BBA-4F94-8C6E-B1C2CCD4F599}.Release|Any CPU.ActiveCfg = Release|Any CPU
		{68CE0944-3BBA-4F94-8C6E-B1C2CCD4F599}.Release|Any CPU.Build.0 = Release|Any CPU
		{68CE0944-3BBA-4F94-8C6E-B1C2CCD4F599}.Release|x64.ActiveCfg = Release|Any CPU
		{68CE0944-3BBA-4F94-8C6E-B1C2CCD4F599}.Release|x64.Build.0 = Release|Any CPU
		{68CE0944-3BBA-4F94-8C6E-B1C2CCD4F599}.Release|x86.ActiveCfg = Release|Any CPU
		{68CE0944-3BBA-4F94-8C6E-B1C2CCD4F599}.Release|x86.Build.0 = Release|Any CPU
		{9FA6D291-D2B4-45A7-AACB-F98CA11AD2C4}.Debug|Any CPU.ActiveCfg = Debug|Any CPU
		{9FA6D291-D2B4-45A7-AACB-F98CA11AD2C4}.Debug|Any CPU.Build.0 = Debug|Any CPU
		{9FA6D291-D2B4-45A7-AACB-F98CA11AD2C4}.Debug|x64.ActiveCfg = Debug|Any CPU
		{9FA6D291-D2B4-45A7-AACB-F98CA11AD2C4}.Debug|x64.Build.0 = Debug|Any CPU
		{9FA6D291-D2B4-45A7-AACB-F98CA11AD2C4}.Debug|x86.ActiveCfg = Debug|Any CPU
		{9FA6D291-D2B4-45A7-AACB-F98CA11AD2C4}.Debug|x86.Build.0 = Debug|Any CPU
		{9FA6D291-D2B4-45A7-AACB-F98CA11AD2C4}.Release|Any CPU.ActiveCfg = Release|Any CPU
		{9FA6D291-D2B4-45A7-AACB-F98CA11AD2C4}.Release|Any CPU.Build.0 = Release|Any CPU
		{9FA6D291-D2B4-45A7-AACB-F98CA11AD2C4}.Release|x64.ActiveCfg = Release|Any CPU
		{9FA6D291-D2B4-45A7-AACB-F98CA11AD2C4}.Release|x64.Build.0 = Release|Any CPU
		{9FA6D291-D2B4-45A7-AACB-F98CA11AD2C4}.Release|x86.ActiveCfg = Release|Any CPU
		{9FA6D291-D2B4-45A7-AACB-F98CA11AD2C4}.Release|x86.Build.0 = Release|Any CPU
		{3120462B-B879-4652-B127-9F6F2ADB56A1}.Debug|Any CPU.ActiveCfg = Debug|Any CPU
		{3120462B-B879-4652-B127-9F6F2ADB56A1}.Debug|Any CPU.Build.0 = Debug|Any CPU
		{3120462B-B879-4652-B127-9F6F2ADB56A1}.Debug|x64.ActiveCfg = Debug|Any CPU
		{3120462B-B879-4652-B127-9F6F2ADB56A1}.Debug|x64.Build.0 = Debug|Any CPU
		{3120462B-B879-4652-B127-9F6F2ADB56A1}.Debug|x86.ActiveCfg = Debug|Any CPU
		{3120462B-B879-4652-B127-9F6F2ADB56A1}.Debug|x86.Build.0 = Debug|Any CPU
		{3120462B-B879-4652-B127-9F6F2ADB56A1}.Release|Any CPU.ActiveCfg = Release|Any CPU
		{3120462B-B879-4652-B127-9F6F2ADB56A1}.Release|Any CPU.Build.0 = Release|Any CPU
		{3120462B-B879-4652-B127-9F6F2ADB56A1}.Release|x64.ActiveCfg = Release|Any CPU
		{3120462B-B879-4652-B127-9F6F2ADB56A1}.Release|x64.Build.0 = Release|Any CPU
		{3120462B-B879-4652-B127-9F6F2ADB56A1}.Release|x86.ActiveCfg = Release|Any CPU
		{3120462B-B879-4652-B127-9F6F2ADB56A1}.Release|x86.Build.0 = Release|Any CPU
		{0CAD729B-DEF0-4BEF-9B13-3FE5A6BFD536}.Debug|Any CPU.ActiveCfg = Debug|Any CPU
		{0CAD729B-DEF0-4BEF-9B13-3FE5A6BFD536}.Debug|Any CPU.Build.0 = Debug|Any CPU
		{0CAD729B-DEF0-4BEF-9B13-3FE5A6BFD536}.Debug|x64.ActiveCfg = Debug|Any CPU
		{0CAD729B-DEF0-4BEF-9B13-3FE5A6BFD536}.Debug|x64.Build.0 = Debug|Any CPU
		{0CAD729B-DEF0-4BEF-9B13-3FE5A6BFD536}.Debug|x86.ActiveCfg = Debug|Any CPU
		{0CAD729B-DEF0-4BEF-9B13-3FE5A6BFD536}.Debug|x86.Build.0 = Debug|Any CPU
		{0CAD729B-DEF0-4BEF-9B13-3FE5A6BFD536}.Release|Any CPU.ActiveCfg = Release|Any CPU
		{0CAD729B-DEF0-4BEF-9B13-3FE5A6BFD536}.Release|Any CPU.Build.0 = Release|Any CPU
		{0CAD729B-DEF0-4BEF-9B13-3FE5A6BFD536}.Release|x64.ActiveCfg = Release|Any CPU
		{0CAD729B-DEF0-4BEF-9B13-3FE5A6BFD536}.Release|x64.Build.0 = Release|Any CPU
		{0CAD729B-DEF0-4BEF-9B13-3FE5A6BFD536}.Release|x86.ActiveCfg = Release|Any CPU
		{0CAD729B-DEF0-4BEF-9B13-3FE5A6BFD536}.Release|x86.Build.0 = Release|Any CPU
		{515B6631-4482-42EF-A1E2-09115512CC1C}.Debug|Any CPU.ActiveCfg = Debug|Any CPU
		{515B6631-4482-42EF-A1E2-09115512CC1C}.Debug|Any CPU.Build.0 = Debug|Any CPU
		{515B6631-4482-42EF-A1E2-09115512CC1C}.Debug|x64.ActiveCfg = Debug|Any CPU
		{515B6631-4482-42EF-A1E2-09115512CC1C}.Debug|x64.Build.0 = Debug|Any CPU
		{515B6631-4482-42EF-A1E2-09115512CC1C}.Debug|x86.ActiveCfg = Debug|Any CPU
		{515B6631-4482-42EF-A1E2-09115512CC1C}.Debug|x86.Build.0 = Debug|Any CPU
		{515B6631-4482-42EF-A1E2-09115512CC1C}.Release|Any CPU.ActiveCfg = Release|Any CPU
		{515B6631-4482-42EF-A1E2-09115512CC1C}.Release|Any CPU.Build.0 = Release|Any CPU
		{515B6631-4482-42EF-A1E2-09115512CC1C}.Release|x64.ActiveCfg = Release|Any CPU
		{515B6631-4482-42EF-A1E2-09115512CC1C}.Release|x64.Build.0 = Release|Any CPU
		{515B6631-4482-42EF-A1E2-09115512CC1C}.Release|x86.ActiveCfg = Release|Any CPU
		{515B6631-4482-42EF-A1E2-09115512CC1C}.Release|x86.Build.0 = Release|Any CPU
		{2B8C0AB7-5BA9-4CAE-BE54-0E5AB31902E8}.Debug|Any CPU.ActiveCfg = Debug|Any CPU
		{2B8C0AB7-5BA9-4CAE-BE54-0E5AB31902E8}.Debug|Any CPU.Build.0 = Debug|Any CPU
		{2B8C0AB7-5BA9-4CAE-BE54-0E5AB31902E8}.Debug|x64.ActiveCfg = Debug|Any CPU
		{2B8C0AB7-5BA9-4CAE-BE54-0E5AB31902E8}.Debug|x64.Build.0 = Debug|Any CPU
		{2B8C0AB7-5BA9-4CAE-BE54-0E5AB31902E8}.Debug|x86.ActiveCfg = Debug|Any CPU
		{2B8C0AB7-5BA9-4CAE-BE54-0E5AB31902E8}.Debug|x86.Build.0 = Debug|Any CPU
		{2B8C0AB7-5BA9-4CAE-BE54-0E5AB31902E8}.Release|Any CPU.ActiveCfg = Release|Any CPU
		{2B8C0AB7-5BA9-4CAE-BE54-0E5AB31902E8}.Release|Any CPU.Build.0 = Release|Any CPU
		{2B8C0AB7-5BA9-4CAE-BE54-0E5AB31902E8}.Release|x64.ActiveCfg = Release|Any CPU
		{2B8C0AB7-5BA9-4CAE-BE54-0E5AB31902E8}.Release|x64.Build.0 = Release|Any CPU
		{2B8C0AB7-5BA9-4CAE-BE54-0E5AB31902E8}.Release|x86.ActiveCfg = Release|Any CPU
		{2B8C0AB7-5BA9-4CAE-BE54-0E5AB31902E8}.Release|x86.Build.0 = Release|Any CPU
		{02D69B2E-446A-4A6B-A05A-E1FB3CBD0FC9}.Debug|Any CPU.ActiveCfg = Debug|Any CPU
		{02D69B2E-446A-4A6B-A05A-E1FB3CBD0FC9}.Debug|Any CPU.Build.0 = Debug|Any CPU
		{02D69B2E-446A-4A6B-A05A-E1FB3CBD0FC9}.Debug|x64.ActiveCfg = Debug|Any CPU
		{02D69B2E-446A-4A6B-A05A-E1FB3CBD0FC9}.Debug|x64.Build.0 = Debug|Any CPU
		{02D69B2E-446A-4A6B-A05A-E1FB3CBD0FC9}.Debug|x86.ActiveCfg = Debug|Any CPU
		{02D69B2E-446A-4A6B-A05A-E1FB3CBD0FC9}.Debug|x86.Build.0 = Debug|Any CPU
		{02D69B2E-446A-4A6B-A05A-E1FB3CBD0FC9}.Release|Any CPU.ActiveCfg = Release|Any CPU
		{02D69B2E-446A-4A6B-A05A-E1FB3CBD0FC9}.Release|Any CPU.Build.0 = Release|Any CPU
		{02D69B2E-446A-4A6B-A05A-E1FB3CBD0FC9}.Release|x64.ActiveCfg = Release|Any CPU
		{02D69B2E-446A-4A6B-A05A-E1FB3CBD0FC9}.Release|x64.Build.0 = Release|Any CPU
		{02D69B2E-446A-4A6B-A05A-E1FB3CBD0FC9}.Release|x86.ActiveCfg = Release|Any CPU
		{02D69B2E-446A-4A6B-A05A-E1FB3CBD0FC9}.Release|x86.Build.0 = Release|Any CPU
		{3ECF99B3-5B1A-472D-BBE2-28A92E941165}.Debug|Any CPU.ActiveCfg = Debug|Any CPU
		{3ECF99B3-5B1A-472D-BBE2-28A92E941165}.Debug|Any CPU.Build.0 = Debug|Any CPU
		{3ECF99B3-5B1A-472D-BBE2-28A92E941165}.Debug|x64.ActiveCfg = Debug|Any CPU
		{3ECF99B3-5B1A-472D-BBE2-28A92E941165}.Debug|x64.Build.0 = Debug|Any CPU
		{3ECF99B3-5B1A-472D-BBE2-28A92E941165}.Debug|x86.ActiveCfg = Debug|Any CPU
		{3ECF99B3-5B1A-472D-BBE2-28A92E941165}.Debug|x86.Build.0 = Debug|Any CPU
		{3ECF99B3-5B1A-472D-BBE2-28A92E941165}.Release|Any CPU.ActiveCfg = Release|Any CPU
		{3ECF99B3-5B1A-472D-BBE2-28A92E941165}.Release|Any CPU.Build.0 = Release|Any CPU
		{3ECF99B3-5B1A-472D-BBE2-28A92E941165}.Release|x64.ActiveCfg = Release|Any CPU
		{3ECF99B3-5B1A-472D-BBE2-28A92E941165}.Release|x64.Build.0 = Release|Any CPU
		{3ECF99B3-5B1A-472D-BBE2-28A92E941165}.Release|x86.ActiveCfg = Release|Any CPU
		{3ECF99B3-5B1A-472D-BBE2-28A92E941165}.Release|x86.Build.0 = Release|Any CPU
		{7E3E0A27-E40B-489D-826C-62317EFFD74B}.Debug|Any CPU.ActiveCfg = Debug|Any CPU
		{7E3E0A27-E40B-489D-826C-62317EFFD74B}.Debug|Any CPU.Build.0 = Debug|Any CPU
		{7E3E0A27-E40B-489D-826C-62317EFFD74B}.Debug|x64.ActiveCfg = Debug|Any CPU
		{7E3E0A27-E40B-489D-826C-62317EFFD74B}.Debug|x64.Build.0 = Debug|Any CPU
		{7E3E0A27-E40B-489D-826C-62317EFFD74B}.Debug|x86.ActiveCfg = Debug|Any CPU
		{7E3E0A27-E40B-489D-826C-62317EFFD74B}.Debug|x86.Build.0 = Debug|Any CPU
		{7E3E0A27-E40B-489D-826C-62317EFFD74B}.Release|Any CPU.ActiveCfg = Release|Any CPU
		{7E3E0A27-E40B-489D-826C-62317EFFD74B}.Release|Any CPU.Build.0 = Release|Any CPU
		{7E3E0A27-E40B-489D-826C-62317EFFD74B}.Release|x64.ActiveCfg = Release|Any CPU
		{7E3E0A27-E40B-489D-826C-62317EFFD74B}.Release|x64.Build.0 = Release|Any CPU
		{7E3E0A27-E40B-489D-826C-62317EFFD74B}.Release|x86.ActiveCfg = Release|Any CPU
		{7E3E0A27-E40B-489D-826C-62317EFFD74B}.Release|x86.Build.0 = Release|Any CPU
		{A1E86ABD-47C0-4534-9F4D-1E338DBE25CF}.Debug|Any CPU.ActiveCfg = Debug|Any CPU
		{A1E86ABD-47C0-4534-9F4D-1E338DBE25CF}.Debug|Any CPU.Build.0 = Debug|Any CPU
		{A1E86ABD-47C0-4534-9F4D-1E338DBE25CF}.Debug|x64.ActiveCfg = Debug|Any CPU
		{A1E86ABD-47C0-4534-9F4D-1E338DBE25CF}.Debug|x64.Build.0 = Debug|Any CPU
		{A1E86ABD-47C0-4534-9F4D-1E338DBE25CF}.Debug|x86.ActiveCfg = Debug|Any CPU
		{A1E86ABD-47C0-4534-9F4D-1E338DBE25CF}.Debug|x86.Build.0 = Debug|Any CPU
		{A1E86ABD-47C0-4534-9F4D-1E338DBE25CF}.Release|Any CPU.ActiveCfg = Release|Any CPU
		{A1E86ABD-47C0-4534-9F4D-1E338DBE25CF}.Release|Any CPU.Build.0 = Release|Any CPU
		{A1E86ABD-47C0-4534-9F4D-1E338DBE25CF}.Release|x64.ActiveCfg = Release|Any CPU
		{A1E86ABD-47C0-4534-9F4D-1E338DBE25CF}.Release|x64.Build.0 = Release|Any CPU
		{A1E86ABD-47C0-4534-9F4D-1E338DBE25CF}.Release|x86.ActiveCfg = Release|Any CPU
		{A1E86ABD-47C0-4534-9F4D-1E338DBE25CF}.Release|x86.Build.0 = Release|Any CPU
		{EB27F697-B5AF-4EA6-A305-530458B19980}.Debug|Any CPU.ActiveCfg = Debug|Any CPU
		{EB27F697-B5AF-4EA6-A305-530458B19980}.Debug|Any CPU.Build.0 = Debug|Any CPU
		{EB27F697-B5AF-4EA6-A305-530458B19980}.Debug|x64.ActiveCfg = Debug|Any CPU
		{EB27F697-B5AF-4EA6-A305-530458B19980}.Debug|x64.Build.0 = Debug|Any CPU
		{EB27F697-B5AF-4EA6-A305-530458B19980}.Debug|x86.ActiveCfg = Debug|Any CPU
		{EB27F697-B5AF-4EA6-A305-530458B19980}.Debug|x86.Build.0 = Debug|Any CPU
		{EB27F697-B5AF-4EA6-A305-530458B19980}.Release|Any CPU.ActiveCfg = Release|Any CPU
		{EB27F697-B5AF-4EA6-A305-530458B19980}.Release|Any CPU.Build.0 = Release|Any CPU
		{EB27F697-B5AF-4EA6-A305-530458B19980}.Release|x64.ActiveCfg = Release|Any CPU
		{EB27F697-B5AF-4EA6-A305-530458B19980}.Release|x64.Build.0 = Release|Any CPU
		{EB27F697-B5AF-4EA6-A305-530458B19980}.Release|x86.ActiveCfg = Release|Any CPU
		{EB27F697-B5AF-4EA6-A305-530458B19980}.Release|x86.Build.0 = Release|Any CPU
		{964CEF01-0C4C-4504-AB95-71D38BF49643}.Debug|Any CPU.ActiveCfg = Debug|Any CPU
		{964CEF01-0C4C-4504-AB95-71D38BF49643}.Debug|Any CPU.Build.0 = Debug|Any CPU
		{964CEF01-0C4C-4504-AB95-71D38BF49643}.Debug|x64.ActiveCfg = Debug|Any CPU
		{964CEF01-0C4C-4504-AB95-71D38BF49643}.Debug|x64.Build.0 = Debug|Any CPU
		{964CEF01-0C4C-4504-AB95-71D38BF49643}.Debug|x86.ActiveCfg = Debug|Any CPU
		{964CEF01-0C4C-4504-AB95-71D38BF49643}.Debug|x86.Build.0 = Debug|Any CPU
		{964CEF01-0C4C-4504-AB95-71D38BF49643}.Release|Any CPU.ActiveCfg = Release|Any CPU
		{964CEF01-0C4C-4504-AB95-71D38BF49643}.Release|Any CPU.Build.0 = Release|Any CPU
		{964CEF01-0C4C-4504-AB95-71D38BF49643}.Release|x64.ActiveCfg = Release|Any CPU
		{964CEF01-0C4C-4504-AB95-71D38BF49643}.Release|x64.Build.0 = Release|Any CPU
		{964CEF01-0C4C-4504-AB95-71D38BF49643}.Release|x86.ActiveCfg = Release|Any CPU
		{964CEF01-0C4C-4504-AB95-71D38BF49643}.Release|x86.Build.0 = Release|Any CPU
		{FAB5EA38-6066-4CB4-989D-34FD8ED652AB}.Debug|Any CPU.ActiveCfg = Debug|Any CPU
		{FAB5EA38-6066-4CB4-989D-34FD8ED652AB}.Debug|Any CPU.Build.0 = Debug|Any CPU
		{FAB5EA38-6066-4CB4-989D-34FD8ED652AB}.Debug|x64.ActiveCfg = Debug|Any CPU
		{FAB5EA38-6066-4CB4-989D-34FD8ED652AB}.Debug|x64.Build.0 = Debug|Any CPU
		{FAB5EA38-6066-4CB4-989D-34FD8ED652AB}.Debug|x86.ActiveCfg = Debug|Any CPU
		{FAB5EA38-6066-4CB4-989D-34FD8ED652AB}.Debug|x86.Build.0 = Debug|Any CPU
		{FAB5EA38-6066-4CB4-989D-34FD8ED652AB}.Release|Any CPU.ActiveCfg = Release|Any CPU
		{FAB5EA38-6066-4CB4-989D-34FD8ED652AB}.Release|Any CPU.Build.0 = Release|Any CPU
		{FAB5EA38-6066-4CB4-989D-34FD8ED652AB}.Release|x64.ActiveCfg = Release|Any CPU
		{FAB5EA38-6066-4CB4-989D-34FD8ED652AB}.Release|x64.Build.0 = Release|Any CPU
		{FAB5EA38-6066-4CB4-989D-34FD8ED652AB}.Release|x86.ActiveCfg = Release|Any CPU
		{FAB5EA38-6066-4CB4-989D-34FD8ED652AB}.Release|x86.Build.0 = Release|Any CPU
		{C5A29FEB-08B2-4570-8E09-083809506E4A}.Debug|Any CPU.ActiveCfg = Debug|Any CPU
		{C5A29FEB-08B2-4570-8E09-083809506E4A}.Debug|Any CPU.Build.0 = Debug|Any CPU
		{C5A29FEB-08B2-4570-8E09-083809506E4A}.Debug|x64.ActiveCfg = Debug|Any CPU
		{C5A29FEB-08B2-4570-8E09-083809506E4A}.Debug|x64.Build.0 = Debug|Any CPU
		{C5A29FEB-08B2-4570-8E09-083809506E4A}.Debug|x86.ActiveCfg = Debug|Any CPU
		{C5A29FEB-08B2-4570-8E09-083809506E4A}.Debug|x86.Build.0 = Debug|Any CPU
		{C5A29FEB-08B2-4570-8E09-083809506E4A}.Release|Any CPU.ActiveCfg = Release|Any CPU
		{C5A29FEB-08B2-4570-8E09-083809506E4A}.Release|Any CPU.Build.0 = Release|Any CPU
		{C5A29FEB-08B2-4570-8E09-083809506E4A}.Release|x64.ActiveCfg = Release|Any CPU
		{C5A29FEB-08B2-4570-8E09-083809506E4A}.Release|x64.Build.0 = Release|Any CPU
		{C5A29FEB-08B2-4570-8E09-083809506E4A}.Release|x86.ActiveCfg = Release|Any CPU
		{C5A29FEB-08B2-4570-8E09-083809506E4A}.Release|x86.Build.0 = Release|Any CPU
		{2CC6B49D-4DAC-4D57-AF52-5E4CC7AFE0E5}.Debug|Any CPU.ActiveCfg = Debug|Any CPU
		{2CC6B49D-4DAC-4D57-AF52-5E4CC7AFE0E5}.Debug|Any CPU.Build.0 = Debug|Any CPU
		{2CC6B49D-4DAC-4D57-AF52-5E4CC7AFE0E5}.Debug|x64.ActiveCfg = Debug|Any CPU
		{2CC6B49D-4DAC-4D57-AF52-5E4CC7AFE0E5}.Debug|x64.Build.0 = Debug|Any CPU
		{2CC6B49D-4DAC-4D57-AF52-5E4CC7AFE0E5}.Debug|x86.ActiveCfg = Debug|Any CPU
		{2CC6B49D-4DAC-4D57-AF52-5E4CC7AFE0E5}.Debug|x86.Build.0 = Debug|Any CPU
		{2CC6B49D-4DAC-4D57-AF52-5E4CC7AFE0E5}.Release|Any CPU.ActiveCfg = Release|Any CPU
		{2CC6B49D-4DAC-4D57-AF52-5E4CC7AFE0E5}.Release|Any CPU.Build.0 = Release|Any CPU
		{2CC6B49D-4DAC-4D57-AF52-5E4CC7AFE0E5}.Release|x64.ActiveCfg = Release|Any CPU
		{2CC6B49D-4DAC-4D57-AF52-5E4CC7AFE0E5}.Release|x64.Build.0 = Release|Any CPU
		{2CC6B49D-4DAC-4D57-AF52-5E4CC7AFE0E5}.Release|x86.ActiveCfg = Release|Any CPU
		{2CC6B49D-4DAC-4D57-AF52-5E4CC7AFE0E5}.Release|x86.Build.0 = Release|Any CPU
		{4C4A3920-B131-44E1-8AFE-20000D66220F}.Debug|Any CPU.ActiveCfg = Debug|Any CPU
		{4C4A3920-B131-44E1-8AFE-20000D66220F}.Debug|Any CPU.Build.0 = Debug|Any CPU
		{4C4A3920-B131-44E1-8AFE-20000D66220F}.Debug|x64.ActiveCfg = Debug|Any CPU
		{4C4A3920-B131-44E1-8AFE-20000D66220F}.Debug|x64.Build.0 = Debug|Any CPU
		{4C4A3920-B131-44E1-8AFE-20000D66220F}.Debug|x86.ActiveCfg = Debug|Any CPU
		{4C4A3920-B131-44E1-8AFE-20000D66220F}.Debug|x86.Build.0 = Debug|Any CPU
		{4C4A3920-B131-44E1-8AFE-20000D66220F}.Release|Any CPU.ActiveCfg = Release|Any CPU
		{4C4A3920-B131-44E1-8AFE-20000D66220F}.Release|Any CPU.Build.0 = Release|Any CPU
		{4C4A3920-B131-44E1-8AFE-20000D66220F}.Release|x64.ActiveCfg = Release|Any CPU
		{4C4A3920-B131-44E1-8AFE-20000D66220F}.Release|x64.Build.0 = Release|Any CPU
		{4C4A3920-B131-44E1-8AFE-20000D66220F}.Release|x86.ActiveCfg = Release|Any CPU
		{4C4A3920-B131-44E1-8AFE-20000D66220F}.Release|x86.Build.0 = Release|Any CPU
		{3F1DB133-DE07-43B0-AF1B-B46246240968}.Debug|Any CPU.ActiveCfg = Debug|Any CPU
		{3F1DB133-DE07-43B0-AF1B-B46246240968}.Debug|Any CPU.Build.0 = Debug|Any CPU
		{3F1DB133-DE07-43B0-AF1B-B46246240968}.Debug|x64.ActiveCfg = Debug|Any CPU
		{3F1DB133-DE07-43B0-AF1B-B46246240968}.Debug|x64.Build.0 = Debug|Any CPU
		{3F1DB133-DE07-43B0-AF1B-B46246240968}.Debug|x86.ActiveCfg = Debug|Any CPU
		{3F1DB133-DE07-43B0-AF1B-B46246240968}.Debug|x86.Build.0 = Debug|Any CPU
		{3F1DB133-DE07-43B0-AF1B-B46246240968}.Release|Any CPU.ActiveCfg = Release|Any CPU
		{3F1DB133-DE07-43B0-AF1B-B46246240968}.Release|Any CPU.Build.0 = Release|Any CPU
		{3F1DB133-DE07-43B0-AF1B-B46246240968}.Release|x64.ActiveCfg = Release|Any CPU
		{3F1DB133-DE07-43B0-AF1B-B46246240968}.Release|x64.Build.0 = Release|Any CPU
		{3F1DB133-DE07-43B0-AF1B-B46246240968}.Release|x86.ActiveCfg = Release|Any CPU
		{3F1DB133-DE07-43B0-AF1B-B46246240968}.Release|x86.Build.0 = Release|Any CPU
		{9959C144-BA77-42DB-A0F8-D51BCBD5E5CF}.Debug|Any CPU.ActiveCfg = Debug|Any CPU
		{9959C144-BA77-42DB-A0F8-D51BCBD5E5CF}.Debug|Any CPU.Build.0 = Debug|Any CPU
		{9959C144-BA77-42DB-A0F8-D51BCBD5E5CF}.Debug|x64.ActiveCfg = Debug|Any CPU
		{9959C144-BA77-42DB-A0F8-D51BCBD5E5CF}.Debug|x64.Build.0 = Debug|Any CPU
		{9959C144-BA77-42DB-A0F8-D51BCBD5E5CF}.Debug|x86.ActiveCfg = Debug|Any CPU
		{9959C144-BA77-42DB-A0F8-D51BCBD5E5CF}.Debug|x86.Build.0 = Debug|Any CPU
		{9959C144-BA77-42DB-A0F8-D51BCBD5E5CF}.Release|Any CPU.ActiveCfg = Release|Any CPU
		{9959C144-BA77-42DB-A0F8-D51BCBD5E5CF}.Release|Any CPU.Build.0 = Release|Any CPU
		{9959C144-BA77-42DB-A0F8-D51BCBD5E5CF}.Release|x64.ActiveCfg = Release|Any CPU
		{9959C144-BA77-42DB-A0F8-D51BCBD5E5CF}.Release|x64.Build.0 = Release|Any CPU
		{9959C144-BA77-42DB-A0F8-D51BCBD5E5CF}.Release|x86.ActiveCfg = Release|Any CPU
		{9959C144-BA77-42DB-A0F8-D51BCBD5E5CF}.Release|x86.Build.0 = Release|Any CPU
		{FDAB297C-0EF5-46FF-A220-75639755CFB4}.Debug|Any CPU.ActiveCfg = Debug|Any CPU
		{FDAB297C-0EF5-46FF-A220-75639755CFB4}.Debug|Any CPU.Build.0 = Debug|Any CPU
		{FDAB297C-0EF5-46FF-A220-75639755CFB4}.Debug|x64.ActiveCfg = Debug|Any CPU
		{FDAB297C-0EF5-46FF-A220-75639755CFB4}.Debug|x64.Build.0 = Debug|Any CPU
		{FDAB297C-0EF5-46FF-A220-75639755CFB4}.Debug|x86.ActiveCfg = Debug|Any CPU
		{FDAB297C-0EF5-46FF-A220-75639755CFB4}.Debug|x86.Build.0 = Debug|Any CPU
		{FDAB297C-0EF5-46FF-A220-75639755CFB4}.Release|Any CPU.ActiveCfg = Release|Any CPU
		{FDAB297C-0EF5-46FF-A220-75639755CFB4}.Release|Any CPU.Build.0 = Release|Any CPU
		{FDAB297C-0EF5-46FF-A220-75639755CFB4}.Release|x64.ActiveCfg = Release|Any CPU
		{FDAB297C-0EF5-46FF-A220-75639755CFB4}.Release|x64.Build.0 = Release|Any CPU
		{FDAB297C-0EF5-46FF-A220-75639755CFB4}.Release|x86.ActiveCfg = Release|Any CPU
		{FDAB297C-0EF5-46FF-A220-75639755CFB4}.Release|x86.Build.0 = Release|Any CPU
		{92CB31CF-0F4F-43A8-B55B-B2C653561C09}.Debug|Any CPU.ActiveCfg = Debug|Any CPU
		{92CB31CF-0F4F-43A8-B55B-B2C653561C09}.Debug|Any CPU.Build.0 = Debug|Any CPU
		{92CB31CF-0F4F-43A8-B55B-B2C653561C09}.Debug|x64.ActiveCfg = Debug|Any CPU
		{92CB31CF-0F4F-43A8-B55B-B2C653561C09}.Debug|x64.Build.0 = Debug|Any CPU
		{92CB31CF-0F4F-43A8-B55B-B2C653561C09}.Debug|x86.ActiveCfg = Debug|Any CPU
		{92CB31CF-0F4F-43A8-B55B-B2C653561C09}.Debug|x86.Build.0 = Debug|Any CPU
		{92CB31CF-0F4F-43A8-B55B-B2C653561C09}.Release|Any CPU.ActiveCfg = Release|Any CPU
		{92CB31CF-0F4F-43A8-B55B-B2C653561C09}.Release|Any CPU.Build.0 = Release|Any CPU
		{92CB31CF-0F4F-43A8-B55B-B2C653561C09}.Release|x64.ActiveCfg = Release|Any CPU
		{92CB31CF-0F4F-43A8-B55B-B2C653561C09}.Release|x64.Build.0 = Release|Any CPU
		{92CB31CF-0F4F-43A8-B55B-B2C653561C09}.Release|x86.ActiveCfg = Release|Any CPU
		{92CB31CF-0F4F-43A8-B55B-B2C653561C09}.Release|x86.Build.0 = Release|Any CPU
		{F82A58FF-CF79-4775-AD0D-43354C860966}.Debug|Any CPU.ActiveCfg = Debug|Any CPU
		{F82A58FF-CF79-4775-AD0D-43354C860966}.Debug|Any CPU.Build.0 = Debug|Any CPU
		{F82A58FF-CF79-4775-AD0D-43354C860966}.Debug|x64.ActiveCfg = Debug|Any CPU
		{F82A58FF-CF79-4775-AD0D-43354C860966}.Debug|x64.Build.0 = Debug|Any CPU
		{F82A58FF-CF79-4775-AD0D-43354C860966}.Debug|x86.ActiveCfg = Debug|Any CPU
		{F82A58FF-CF79-4775-AD0D-43354C860966}.Debug|x86.Build.0 = Debug|Any CPU
		{F82A58FF-CF79-4775-AD0D-43354C860966}.Release|Any CPU.ActiveCfg = Release|Any CPU
		{F82A58FF-CF79-4775-AD0D-43354C860966}.Release|Any CPU.Build.0 = Release|Any CPU
		{F82A58FF-CF79-4775-AD0D-43354C860966}.Release|x64.ActiveCfg = Release|Any CPU
		{F82A58FF-CF79-4775-AD0D-43354C860966}.Release|x64.Build.0 = Release|Any CPU
		{F82A58FF-CF79-4775-AD0D-43354C860966}.Release|x86.ActiveCfg = Release|Any CPU
		{F82A58FF-CF79-4775-AD0D-43354C860966}.Release|x86.Build.0 = Release|Any CPU
		{39F99F62-577F-4C54-9C27-36570396E5AF}.Debug|Any CPU.ActiveCfg = Debug|Any CPU
		{39F99F62-577F-4C54-9C27-36570396E5AF}.Debug|Any CPU.Build.0 = Debug|Any CPU
		{39F99F62-577F-4C54-9C27-36570396E5AF}.Debug|x64.ActiveCfg = Debug|Any CPU
		{39F99F62-577F-4C54-9C27-36570396E5AF}.Debug|x64.Build.0 = Debug|Any CPU
		{39F99F62-577F-4C54-9C27-36570396E5AF}.Debug|x86.ActiveCfg = Debug|Any CPU
		{39F99F62-577F-4C54-9C27-36570396E5AF}.Debug|x86.Build.0 = Debug|Any CPU
		{39F99F62-577F-4C54-9C27-36570396E5AF}.Release|Any CPU.ActiveCfg = Release|Any CPU
		{39F99F62-577F-4C54-9C27-36570396E5AF}.Release|Any CPU.Build.0 = Release|Any CPU
		{39F99F62-577F-4C54-9C27-36570396E5AF}.Release|x64.ActiveCfg = Release|Any CPU
		{39F99F62-577F-4C54-9C27-36570396E5AF}.Release|x64.Build.0 = Release|Any CPU
		{39F99F62-577F-4C54-9C27-36570396E5AF}.Release|x86.ActiveCfg = Release|Any CPU
		{39F99F62-577F-4C54-9C27-36570396E5AF}.Release|x86.Build.0 = Release|Any CPU
		{6FBE388C-5949-4116-AACB-FB97268364F9}.Debug|Any CPU.ActiveCfg = Debug|Any CPU
		{6FBE388C-5949-4116-AACB-FB97268364F9}.Debug|Any CPU.Build.0 = Debug|Any CPU
		{6FBE388C-5949-4116-AACB-FB97268364F9}.Debug|x64.ActiveCfg = Debug|Any CPU
		{6FBE388C-5949-4116-AACB-FB97268364F9}.Debug|x64.Build.0 = Debug|Any CPU
		{6FBE388C-5949-4116-AACB-FB97268364F9}.Debug|x86.ActiveCfg = Debug|Any CPU
		{6FBE388C-5949-4116-AACB-FB97268364F9}.Debug|x86.Build.0 = Debug|Any CPU
		{6FBE388C-5949-4116-AACB-FB97268364F9}.Release|Any CPU.ActiveCfg = Release|Any CPU
		{6FBE388C-5949-4116-AACB-FB97268364F9}.Release|Any CPU.Build.0 = Release|Any CPU
		{6FBE388C-5949-4116-AACB-FB97268364F9}.Release|x64.ActiveCfg = Release|Any CPU
		{6FBE388C-5949-4116-AACB-FB97268364F9}.Release|x64.Build.0 = Release|Any CPU
		{6FBE388C-5949-4116-AACB-FB97268364F9}.Release|x86.ActiveCfg = Release|Any CPU
		{6FBE388C-5949-4116-AACB-FB97268364F9}.Release|x86.Build.0 = Release|Any CPU
		{2D704732-F687-4F19-89B5-1A6F8A03E811}.Debug|Any CPU.ActiveCfg = Debug|Any CPU
		{2D704732-F687-4F19-89B5-1A6F8A03E811}.Debug|Any CPU.Build.0 = Debug|Any CPU
		{2D704732-F687-4F19-89B5-1A6F8A03E811}.Debug|x64.ActiveCfg = Debug|Any CPU
		{2D704732-F687-4F19-89B5-1A6F8A03E811}.Debug|x64.Build.0 = Debug|Any CPU
		{2D704732-F687-4F19-89B5-1A6F8A03E811}.Debug|x86.ActiveCfg = Debug|Any CPU
		{2D704732-F687-4F19-89B5-1A6F8A03E811}.Debug|x86.Build.0 = Debug|Any CPU
		{2D704732-F687-4F19-89B5-1A6F8A03E811}.Release|Any CPU.ActiveCfg = Release|Any CPU
		{2D704732-F687-4F19-89B5-1A6F8A03E811}.Release|Any CPU.Build.0 = Release|Any CPU
		{2D704732-F687-4F19-89B5-1A6F8A03E811}.Release|x64.ActiveCfg = Release|Any CPU
		{2D704732-F687-4F19-89B5-1A6F8A03E811}.Release|x64.Build.0 = Release|Any CPU
		{2D704732-F687-4F19-89B5-1A6F8A03E811}.Release|x86.ActiveCfg = Release|Any CPU
		{2D704732-F687-4F19-89B5-1A6F8A03E811}.Release|x86.Build.0 = Release|Any CPU
	EndGlobalSection
	GlobalSection(SolutionProperties) = preSolution
		HideSolutionNode = FALSE
	EndGlobalSection
	GlobalSection(NestedProjects) = preSolution
		{3F9E3E57-FCA8-44EB-97E9-F10361E372EB} = {7343C046-FB3D-4236-8C42-386B9B6BB550}
		{3A53A6DF-D8A0-4411-8CF0-101CD1D40EFD} = {7343C046-FB3D-4236-8C42-386B9B6BB550}
		{24AC2738-4D4E-4DC4-A203-F811BC808727} = {26337BAA-F114-447F-AF97-160FC507EC46}
		{C245F2C8-2F45-4557-BBFC-FBD2C26A7225} = {26337BAA-F114-447F-AF97-160FC507EC46}
		{CE973709-D97C-4C6A-99EE-327620C5FDB1} = {26337BAA-F114-447F-AF97-160FC507EC46}
		{64D3A7B5-0550-4285-A808-10DA1300F7A1} = {3F9E3E57-FCA8-44EB-97E9-F10361E372EB}
		{1B1A2BDA-DEDC-4299-89DF-CC5477A1A60D} = {3F9E3E57-FCA8-44EB-97E9-F10361E372EB}
		{00609ADD-B5AB-4EA3-AE4E-9641F791FEA6} = {3F9E3E57-FCA8-44EB-97E9-F10361E372EB}
		{AF1961BA-1C47-4687-A21B-E41DA889E185} = {3A53A6DF-D8A0-4411-8CF0-101CD1D40EFD}
		{7D94F43B-1885-4F02-9A7C-BD2E5507F13F} = {3A53A6DF-D8A0-4411-8CF0-101CD1D40EFD}
		{68CE0944-3BBA-4F94-8C6E-B1C2CCD4F599} = {3A53A6DF-D8A0-4411-8CF0-101CD1D40EFD}
		{9FA6D291-D2B4-45A7-AACB-F98CA11AD2C4} = {0F4CE885-2F60-4690-8DA2-2FFB5D272908}
		{3120462B-B879-4652-B127-9F6F2ADB56A1} = {26F43F07-172B-48B3-AA73-1E86F2BFFB7F}
		{0CAD729B-DEF0-4BEF-9B13-3FE5A6BFD536} = {C19F46FD-A32E-46E5-A376-296A2AD2CABA}
		{0EC62A1A-9858-3A60-8A0C-FC9AACFA2EC7} = {EC447DCF-ABFA-6E24-52A5-D7FD48A5C558}
		{515B6631-4482-42EF-A1E2-09115512CC1C} = {0EC62A1A-9858-3A60-8A0C-FC9AACFA2EC7}
		{2B8C0AB7-5BA9-4CAE-BE54-0E5AB31902E8} = {0EC62A1A-9858-3A60-8A0C-FC9AACFA2EC7}
		{02D69B2E-446A-4A6B-A05A-E1FB3CBD0FC9} = {0EC62A1A-9858-3A60-8A0C-FC9AACFA2EC7}
		{2B4FD3D5-7523-42E3-6AAA-ADDC3268C88B} = {7343C046-FB3D-4236-8C42-386B9B6BB550}
		{3ECF99B3-5B1A-472D-BBE2-28A92E941165} = {2B4FD3D5-7523-42E3-6AAA-ADDC3268C88B}
		{7E3E0A27-E40B-489D-826C-62317EFFD74B} = {2B4FD3D5-7523-42E3-6AAA-ADDC3268C88B}
		{A1E86ABD-47C0-4534-9F4D-1E338DBE25CF} = {2B4FD3D5-7523-42E3-6AAA-ADDC3268C88B}
		{EB27F697-B5AF-4EA6-A305-530458B19980} = {0AB3BF05-4346-4AA6-1389-037BE0695223}
		{964CEF01-0C4C-4504-AB95-71D38BF49643} = {0AB3BF05-4346-4AA6-1389-037BE0695223}
		{FAB5EA38-6066-4CB4-989D-34FD8ED652AB} = {0AB3BF05-4346-4AA6-1389-037BE0695223}
		{C5A29FEB-08B2-4570-8E09-083809506E4A} = {0AB3BF05-4346-4AA6-1389-037BE0695223}
		{EC447DCF-ABFA-6E24-52A5-D7FD48A5C558} = {827E0CD3-B72D-47B6-A68D-7590B98EB39B}
		{2CC6B49D-4DAC-4D57-AF52-5E4CC7AFE0E5} = {0AB3BF05-4346-4AA6-1389-037BE0695223}
		{DE9DAF8A-E684-0FD3-FFDC-40D3E3158533} = {EC447DCF-ABFA-6E24-52A5-D7FD48A5C558}
		{4C4A3920-B131-44E1-8AFE-20000D66220F} = {DE9DAF8A-E684-0FD3-FFDC-40D3E3158533}
		{3F1DB133-DE07-43B0-AF1B-B46246240968} = {DE9DAF8A-E684-0FD3-FFDC-40D3E3158533}
		{9959C144-BA77-42DB-A0F8-D51BCBD5E5CF} = {0AB3BF05-4346-4AA6-1389-037BE0695223}
		{06A38725-C107-8416-62C6-3CAB91983C18} = {EC447DCF-ABFA-6E24-52A5-D7FD48A5C558}
		{FDAB297C-0EF5-46FF-A220-75639755CFB4} = {06A38725-C107-8416-62C6-3CAB91983C18}
		{90298CBA-BD6F-3A0A-69D5-97CAD7B05E7E} = {827E0CD3-B72D-47B6-A68D-7590B98EB39B}
		{92CB31CF-0F4F-43A8-B55B-B2C653561C09} = {06A38725-C107-8416-62C6-3CAB91983C18}
		{45D4843E-D65D-046D-A47C-6FD9A62F431A} = {EC447DCF-ABFA-6E24-52A5-D7FD48A5C558}
		{F82A58FF-CF79-4775-AD0D-43354C860966} = {0AB3BF05-4346-4AA6-1389-037BE0695223}
		{E9E1155A-A339-766C-C185-6698FF423EBC} = {EC447DCF-ABFA-6E24-52A5-D7FD48A5C558}
		{39F99F62-577F-4C54-9C27-36570396E5AF} = {E9E1155A-A339-766C-C185-6698FF423EBC}
		{6FBE388C-5949-4116-AACB-FB97268364F9} = {E9E1155A-A339-766C-C185-6698FF423EBC}
		{2D704732-F687-4F19-89B5-1A6F8A03E811} = {0AB3BF05-4346-4AA6-1389-037BE0695223}
	EndGlobalSection
EndGlobal
