
Microsoft Visual Studio Solution File, Format Version 12.00
# Visual Studio Version 17
VisualStudioVersion = 17.0.31903.59
MinimumVisualStudioVersion = 10.0.40219.1
Project("{2150E333-8FDC-42A3-9474-1A3956D46DE8}") = "BuildingBlocks", "BuildingBlocks", "{26337BAA-F114-447F-AF97-160FC507EC46}"
EndProject
Project("{2150E333-8FDC-42A3-9474-1A3956D46DE8}") = "Profiles", "Profiles", "{3F9E3E57-FCA8-44EB-97E9-F10361E372EB}"
EndProject
Project("{2150E333-8FDC-42A3-9474-1A3956D46DE8}") = "Discovery", "Discovery", "{3A53A6DF-D8A0-4411-8CF0-101CD1D40EFD}"
EndProject
Project("{2150E333-8FDC-42A3-9474-1A3956D46DE8}") = "Gateway", "Gateway", "{0F4CE885-2F60-4690-8DA2-2FFB5D272908}"
EndProject
Project("{2150E333-8FDC-42A3-9474-1A3956D46DE8}") = "Host", "Host", "{26F43F07-172B-48B3-AA73-1E86F2BFFB7F}"
EndProject
Project("{2150E333-8FDC-42A3-9474-1A3956D46DE8}") = "Web", "Web", "{C19F46FD-A32E-46E5-A376-296A2AD2CABA}"
EndProject
Project("{2150E333-8FDC-42A3-9474-1A3956D46DE8}") = "Modules", "Modules", "{7343C046-FB3D-4236-8C42-386B9B6BB550}"
EndProject
Project("{9A19103F-16F7-4668-BE54-9A1E7A4F7556}") = "PawMatch.BuildingBlocks.Domain", "src\BuildingBlocks\PawMatch.BuildingBlocks.Domain\PawMatch.BuildingBlocks.Domain.csproj", "{24AC2738-4D4E-4DC4-A203-F811BC808727}"
EndProject
Project("{9A19103F-16F7-4668-BE54-9A1E7A4F7556}") = "PawMatch.BuildingBlocks.Persistence", "src\BuildingBlocks\PawMatch.BuildingBlocks.Persistence\PawMatch.BuildingBlocks.Persistence.csproj", "{C245F2C8-2F45-4557-BBFC-FBD2C26A7225}"
EndProject
Project("{9A19103F-16F7-4668-BE54-9A1E7A4F7556}") = "PawMatch.BuildingBlocks.Web", "src\BuildingBlocks\PawMatch.BuildingBlocks.Web\PawMatch.BuildingBlocks.Web.csproj", "{CE973709-D97C-4C6A-99EE-327620C5FDB1}"
EndProject
Project("{9A19103F-16F7-4668-BE54-9A1E7A4F7556}") = "PawMatch.Modules.Profiles.Domain", "src\Modules\Profiles\PawMatch.Modules.Profiles.Domain\PawMatch.Modules.Profiles.Domain.csproj", "{64D3A7B5-0550-4285-A808-10DA1300F7A1}"
EndProject
Project("{9A19103F-16F7-4668-BE54-9A1E7A4F7556}") = "PawMatch.Modules.Profiles.Contracts", "src\Modules\Profiles\PawMatch.Modules.Profiles.Contracts\PawMatch.Modules.Profiles.Contracts.csproj", "{1B1A2BDA-DEDC-4299-89DF-CC5477A1A60D}"
EndProject
Project("{9A19103F-16F7-4668-BE54-9A1E7A4F7556}") = "PawMatch.Modules.Profiles.Api", "src\Modules\Profiles\PawMatch.Modules.Profiles.Api\PawMatch.Modules.Profiles.Api.csproj", "{00609ADD-B5AB-4EA3-AE4E-9641F791FEA6}"
EndProject
Project("{9A19103F-16F7-4668-BE54-9A1E7A4F7556}") = "PawMatch.Modules.Discovery.Domain", "src\Modules\Discovery\PawMatch.Modules.Discovery.Domain\PawMatch.Modules.Discovery.Domain.csproj", "{AF1961BA-1C47-4687-A21B-E41DA889E185}"
EndProject
Project("{9A19103F-16F7-4668-BE54-9A1E7A4F7556}") = "PawMatch.Modules.Discovery.Contracts", "src\Modules\Discovery\PawMatch.Modules.Discovery.Contracts\PawMatch.Modules.Discovery.Contracts.csproj", "{7D94F43B-1885-4F02-9A7C-BD2E5507F13F}"
EndProject
Project("{9A19103F-16F7-4668-BE54-9A1E7A4F7556}") = "PawMatch.Modules.Discovery.Api", "src\Modules\Discovery\PawMatch.Modules.Discovery.Api\PawMatch.Modules.Discovery.Api.csproj", "{68CE0944-3BBA-4F94-8C6E-B1C2CCD4F599}"
EndProject
Project("{9A19103F-16F7-4668-BE54-9A1E7A4F7556}") = "PawMatch.Gateway", "src\Gateway\PawMatch.Gateway\PawMatch.Gateway.csproj", "{9FA6D291-D2B4-45A7-AACB-F98CA11AD2C4}"
EndProject
Project("{9A19103F-16F7-4668-BE54-9A1E7A4F7556}") = "PawMatch.Api.Host", "src\Host\PawMatch.Api.Host\PawMatch.Api.Host.csproj", "{3120462B-B879-4652-B127-9F6F2ADB56A1}"
EndProject
Project("{9A19103F-16F7-4668-BE54-9A1E7A4F7556}") = "PawMatch.Blazor.App", "src\Web\PawMatch.Blazor.App\PawMatch.Blazor.App.csproj", "{0CAD729B-DEF0-4BEF-9B13-3FE5A6BFD536}"
EndProject
Project("{2150E333-8FDC-42A3-9474-1A3956D46DE8}") = "Identity", "Identity", "{0EC62A1A-9858-3A60-8A0C-FC9AACFA2EC7}"
EndProject
Project("{9A19103F-16F7-4668-BE54-9A1E7A4F7556}") = "PawMatch.Modules.Identity.Domain", "src\Modules\Identity\PawMatch.Modules.Identity.Domain\PawMatch.Modules.Identity.Domain.csproj", "{515B6631-4482-42EF-A1E2-09115512CC1C}"
EndProject
Project("{9A19103F-16F7-4668-BE54-9A1E7A4F7556}") = "PawMatch.Modules.Identity.Contracts", "src\Modules\Identity\PawMatch.Modules.Identity.Contracts\PawMatch.Modules.Identity.Contracts.csproj", "{2B8C0AB7-5BA9-4CAE-BE54-0E5AB31902E8}"
EndProject
Project("{9A19103F-16F7-4668-BE54-9A1E7A4F7556}") = "PawMatch.Modules.Identity.Api", "src\Modules\Identity\PawMatch.Modules.Identity.Api\PawMatch.Modules.Identity.Api.csproj", "{02D69B2E-446A-4A6B-A05A-E1FB3CBD0FC9}"
EndProject
Project("{2150E333-8FDC-42A3-9474-1A3956D46DE8}") = "ShelterAdoption", "ShelterAdoption", "{2B4FD3D5-7523-42E3-6AAA-ADDC3268C88B}"
EndProject
Project("{9A19103F-16F7-4668-BE54-9A1E7A4F7556}") = "PawMatch.Modules.ShelterAdoption.Domain", "src\Modules\ShelterAdoption\PawMatch.Modules.ShelterAdoption.Domain\PawMatch.Modules.ShelterAdoption.Domain.csproj", "{3ECF99B3-5B1A-472D-BBE2-28A92E941165}"
EndProject
Project("{9A19103F-16F7-4668-BE54-9A1E7A4F7556}") = "PawMatch.Modules.ShelterAdoption.Api", "src\Modules\ShelterAdoption\PawMatch.Modules.ShelterAdoption.Api\PawMatch.Modules.ShelterAdoption.Api.csproj", "{7E3E0A27-E40B-489D-826C-62317EFFD74B}"
EndProject
Project("{9A19103F-16F7-4668-BE54-9A1E7A4F7556}") = "PawMatch.Modules.ShelterAdoption.Contracts", "src\Modules\ShelterAdoption\PawMatch.Modules.ShelterAdoption.Contracts\PawMatch.Modules.ShelterAdoption.Contracts.csproj", "{A1E86ABD-47C0-4534-9F4D-1E338DBE25CF}"
EndProject
Global
	GlobalSection(SolutionConfigurationPlatforms) = preSolution
		Debug|Any CPU = Debug|Any CPU
		Debug|x64 = Debug|x64
		Debug|x86 = Debug|x86
		Release|Any CPU = Release|Any CPU
		Release|x64 = Release|x64
		Release|x86 = Release|x86
	EndGlobalSection
	GlobalSection(ProjectConfigurationPlatforms) = postSolution
		{24AC2738-4D4E-4DC4-A203-F811BC808727}.Debug|Any CPU.ActiveCfg = Debug|Any CPU
		{24AC2738-4D4E-4DC4-A203-F811BC808727}.Debug|Any CPU.Build.0 = Debug|Any CPU
		{24AC2738-4D4E-4DC4-A203-F811BC808727}.Debug|x64.ActiveCfg = Debug|Any CPU
		{24AC2738-4D4E-4DC4-A203-F811BC808727}.Debug|x64.Build.0 = Debug|Any CPU
		{24AC2738-4D4E-4DC4-A203-F811BC808727}.Debug|x86.ActiveCfg = Debug|Any CPU
		{24AC2738-4D4E-4DC4-A203-F811BC808727}.Debug|x86.Build.0 = Debug|Any CPU
		{24AC2738-4D4E-4DC4-A203-F811BC808727}.Release|Any CPU.ActiveCfg = Release|Any CPU
		{24AC2738-4D4E-4DC4-A203-F811BC808727}.Release|Any CPU.Build.0 = Release|Any CPU
		{24AC2738-4D4E-4DC4-A203-F811BC808727}.Release|x64.ActiveCfg = Release|Any CPU
		{24AC2738-4D4E-4DC4-A203-F811BC808727}.Release|x64.Build.0 = Release|Any CPU
		{24AC2738-4D4E-4DC4-A203-F811BC808727}.Release|x86.ActiveCfg = Release|Any CPU
		{24AC2738-4D4E-4DC4-A203-F811BC808727}.Release|x86.Build.0 = Release|Any CPU
		{C245F2C8-2F45-4557-BBFC-FBD2C26A7225}.Debug|Any CPU.ActiveCfg = Debug|Any CPU
		{C245F2C8-2F45-4557-BBFC-FBD2C26A7225}.Debug|Any CPU.Build.0 = Debug|Any CPU
		{C245F2C8-2F45-4557-BBFC-FBD2C26A7225}.Debug|x64.ActiveCfg = Debug|Any CPU
		{C245F2C8-2F45-4557-BBFC-FBD2C26A7225}.Debug|x64.Build.0 = Debug|Any CPU
		{C245F2C8-2F45-4557-BBFC-FBD2C26A7225}.Debug|x86.ActiveCfg = Debug|Any CPU
		{C245F2C8-2F45-4557-BBFC-FBD2C26A7225}.Debug|x86.Build.0 = Debug|Any CPU
		{C245F2C8-2F45-4557-BBFC-FBD2C26A7225}.Release|Any CPU.ActiveCfg = Release|Any CPU
		{C245F2C8-2F45-4557-BBFC-FBD2C26A7225}.Release|Any CPU.Build.0 = Release|Any CPU
		{C245F2C8-2F45-4557-BBFC-FBD2C26A7225}.Release|x64.ActiveCfg = Release|Any CPU
		{C245F2C8-2F45-4557-BBFC-FBD2C26A7225}.Release|x64.Build.0 = Release|Any CPU
		{C245F2C8-2F45-4557-BBFC-FBD2C26A7225}.Release|x86.ActiveCfg = Release|Any CPU
		{C245F2C8-2F45-4557-BBFC-FBD2C26A7225}.Release|x86.Build.0 = Release|Any CPU
		{CE973709-D97C-4C6A-99EE-327620C5FDB1}.Debug|Any CPU.ActiveCfg = Debug|Any CPU
		{CE973709-D97C-4C6A-99EE-327620C5FDB1}.Debug|Any CPU.Build.0 = Debug|Any CPU
		{CE973709-D97C-4C6A-99EE-327620C5FDB1}.Debug|x64.ActiveCfg = Debug|Any CPU
		{CE973709-D97C-4C6A-99EE-327620C5FDB1}.Debug|x64.Build.0 = Debug|Any CPU
		{CE973709-D97C-4C6A-99EE-327620C5FDB1}.Debug|x86.ActiveCfg = Debug|Any CPU
		{CE973709-D97C-4C6A-99EE-327620C5FDB1}.Debug|x86.Build.0 = Debug|Any CPU
		{CE973709-D97C-4C6A-99EE-327620C5FDB1}.Release|Any CPU.ActiveCfg = Release|Any CPU
		{CE973709-D97C-4C6A-99EE-327620C5FDB1}.Release|Any CPU.Build.0 = Release|Any CPU
		{CE973709-D97C-4C6A-99EE-327620C5FDB1}.Release|x64.ActiveCfg = Release|Any CPU
		{CE973709-D97C-4C6A-99EE-327620C5FDB1}.Release|x64.Build.0 = Release|Any CPU
		{CE973709-D97C-4C6A-99EE-327620C5FDB1}.Release|x86.ActiveCfg = Release|Any CPU
		{CE973709-D97C-4C6A-99EE-327620C5FDB1}.Release|x86.Build.0 = Release|Any CPU
		{64D3A7B5-0550-4285-A808-10DA1300F7A1}.Debug|Any CPU.ActiveCfg = Debug|Any CPU
		{64D3A7B5-0550-4285-A808-10DA1300F7A1}.Debug|Any CPU.Build.0 = Debug|Any CPU
		{64D3A7B5-0550-4285-A808-10DA1300F7A1}.Debug|x64.ActiveCfg = Debug|Any CPU
		{64D3A7B5-0550-4285-A808-10DA1300F7A1}.Debug|x64.Build.0 = Debug|Any CPU
		{64D3A7B5-0550-4285-A808-10DA1300F7A1}.Debug|x86.ActiveCfg = Debug|Any CPU
		{64D3A7B5-0550-4285-A808-10DA1300F7A1}.Debug|x86.Build.0 = Debug|Any CPU
		{64D3A7B5-0550-4285-A808-10DA1300F7A1}.Release|Any CPU.ActiveCfg = Release|Any CPU
		{64D3A7B5-0550-4285-A808-10DA1300F7A1}.Release|Any CPU.Build.0 = Release|Any CPU
		{64D3A7B5-0550-4285-A808-10DA1300F7A1}.Release|x64.ActiveCfg = Release|Any CPU
		{64D3A7B5-0550-4285-A808-10DA1300F7A1}.Release|x64.Build.0 = Release|Any CPU
		{64D3A7B5-0550-4285-A808-10DA1300F7A1}.Release|x86.ActiveCfg = Release|Any CPU
		{64D3A7B5-0550-4285-A808-10DA1300F7A1}.Release|x86.Build.0 = Release|Any CPU
		{1B1A2BDA-DEDC-4299-89DF-CC5477A1A60D}.Debug|Any CPU.ActiveCfg = Debug|Any CPU
		{1B1A2BDA-DEDC-4299-89DF-CC5477A1A60D}.Debug|Any CPU.Build.0 = Debug|Any CPU
		{1B1A2BDA-DEDC-4299-89DF-CC5477A1A60D}.Debug|x64.ActiveCfg = Debug|Any CPU
		{1B1A2BDA-DEDC-4299-89DF-CC5477A1A60D}.Debug|x64.Build.0 = Debug|Any CPU
		{1B1A2BDA-DEDC-4299-89DF-CC5477A1A60D}.Debug|x86.ActiveCfg = Debug|Any CPU
		{1B1A2BDA-DEDC-4299-89DF-CC5477A1A60D}.Debug|x86.Build.0 = Debug|Any CPU
		{1B1A2BDA-DEDC-4299-89DF-CC5477A1A60D}.Release|Any CPU.ActiveCfg = Release|Any CPU
		{1B1A2BDA-DEDC-4299-89DF-CC5477A1A60D}.Release|Any CPU.Build.0 = Release|Any CPU
		{1B1A2BDA-DEDC-4299-89DF-CC5477A1A60D}.Release|x64.ActiveCfg = Release|Any CPU
		{1B1A2BDA-DEDC-4299-89DF-CC5477A1A60D}.Release|x64.Build.0 = Release|Any CPU
		{1B1A2BDA-DEDC-4299-89DF-CC5477A1A60D}.Release|x86.ActiveCfg = Release|Any CPU
		{1B1A2BDA-DEDC-4299-89DF-CC5477A1A60D}.Release|x86.Build.0 = Release|Any CPU
		{00609ADD-B5AB-4EA3-AE4E-9641F791FEA6}.Debug|Any CPU.ActiveCfg = Debug|Any CPU
		{00609ADD-B5AB-4EA3-AE4E-9641F791FEA6}.Debug|Any CPU.Build.0 = Debug|Any CPU
		{00609ADD-B5AB-4EA3-AE4E-9641F791FEA6}.Debug|x64.ActiveCfg = Debug|Any CPU
		{00609ADD-B5AB-4EA3-AE4E-9641F791FEA6}.Debug|x64.Build.0 = Debug|Any CPU
		{00609ADD-B5AB-4EA3-AE4E-9641F791FEA6}.Debug|x86.ActiveCfg = Debug|Any CPU
		{00609ADD-B5AB-4EA3-AE4E-9641F791FEA6}.Debug|x86.Build.0 = Debug|Any CPU
		{00609ADD-B5AB-4EA3-AE4E-9641F791FEA6}.Release|Any CPU.ActiveCfg = Release|Any CPU
		{00609ADD-B5AB-4EA3-AE4E-9641F791FEA6}.Release|Any CPU.Build.0 = Release|Any CPU
		{00609ADD-B5AB-4EA3-AE4E-9641F791FEA6}.Release|x64.ActiveCfg = Release|Any CPU
		{00609ADD-B5AB-4EA3-AE4E-9641F791FEA6}.Release|x64.Build.0 = Release|Any CPU
		{00609ADD-B5AB-4EA3-AE4E-9641F791FEA6}.Release|x86.ActiveCfg = Release|Any CPU
		{00609ADD-B5AB-4EA3-AE4E-9641F791FEA6}.Release|x86.Build.0 = Release|Any CPU
		{AF1961BA-1C47-4687-A21B-E41DA889E185}.Debug|Any CPU.ActiveCfg = Debug|Any CPU
		{AF1961BA-1C47-4687-A21B-E41DA889E185}.Debug|Any CPU.Build.0 = Debug|Any CPU
		{AF1961BA-1C47-4687-A21B-E41DA889E185}.Debug|x64.ActiveCfg = Debug|Any CPU
		{AF1961BA-1C47-4687-A21B-E41DA889E185}.Debug|x64.Build.0 = Debug|Any CPU
		{AF1961BA-1C47-4687-A21B-E41DA889E185}.Debug|x86.ActiveCfg = Debug|Any CPU
		{AF1961BA-1C47-4687-A21B-E41DA889E185}.Debug|x86.Build.0 = Debug|Any CPU
		{AF1961BA-1C47-4687-A21B-E41DA889E185}.Release|Any CPU.ActiveCfg = Release|Any CPU
		{AF1961BA-1C47-4687-A21B-E41DA889E185}.Release|Any CPU.Build.0 = Release|Any CPU
		{AF1961BA-1C47-4687-A21B-E41DA889E185}.Release|x64.ActiveCfg = Release|Any CPU
		{AF1961BA-1C47-4687-A21B-E41DA889E185}.Release|x64.Build.0 = Release|Any CPU
		{AF1961BA-1C47-4687-A21B-E41DA889E185}.Release|x86.ActiveCfg = Release|Any CPU
		{AF1961BA-1C47-4687-A21B-E41DA889E185}.Release|x86.Build.0 = Release|Any CPU
		{7D94F43B-1885-4F02-9A7C-BD2E5507F13F}.Debug|Any CPU.ActiveCfg = Debug|Any CPU
		{7D94F43B-1885-4F02-9A7C-BD2E5507F13F}.Debug|Any CPU.Build.0 = Debug|Any CPU
		{7D94F43B-1885-4F02-9A7C-BD2E5507F13F}.Debug|x64.ActiveCfg = Debug|Any CPU
		{7D94F43B-1885-4F02-9A7C-BD2E5507F13F}.Debug|x64.Build.0 = Debug|Any CPU
		{7D94F43B-1885-4F02-9A7C-BD2E5507F13F}.Debug|x86.ActiveCfg = Debug|Any CPU
		{7D94F43B-1885-4F02-9A7C-BD2E5507F13F}.Debug|x86.Build.0 = Debug|Any CPU
		{7D94F43B-1885-4F02-9A7C-BD2E5507F13F}.Release|Any CPU.ActiveCfg = Release|Any CPU
		{7D94F43B-1885-4F02-9A7C-BD2E5507F13F}.Release|Any CPU.Build.0 = Release|Any CPU
		{7D94F43B-1885-4F02-9A7C-BD2E5507F13F}.Release|x64.ActiveCfg = Release|Any CPU
		{7D94F43B-1885-4F02-9A7C-BD2E5507F13F}.Release|x64.Build.0 = Release|Any CPU
		{7D94F43B-1885-4F02-9A7C-BD2E5507F13F}.Release|x86.ActiveCfg = Release|Any CPU
		{7D94F43B-1885-4F02-9A7C-BD2E5507F13F}.Release|x86.Build.0 = Release|Any CPU
		{68CE0944-3BBA-4F94-8C6E-B1C2CCD4F599}.Debug|Any CPU.ActiveCfg = Debug|Any CPU
		{68CE0944-3BBA-4F94-8C6E-B1C2CCD4F599}.Debug|Any CPU.Build.0 = Debug|Any CPU
		{68CE0944-3BBA-4F94-8C6E-B1C2CCD4F599}.Debug|x64.ActiveCfg = Debug|Any CPU
		{68CE0944-3BBA-4F94-8C6E-B1C2CCD4F599}.Debug|x64.Build.0 = Debug|Any CPU
		{68CE0944-3BBA-4F94-8C6E-B1C2CCD4F599}.Debug|x86.ActiveCfg = Debug|Any CPU
		{68CE0944-3BBA-4F94-8C6E-B1C2CCD4F599}.Debug|x86.Build.0 = Debug|Any CPU
		{68CE0944-3BBA-4F94-8C6E-B1C2CCD4F599}.Release|Any CPU.ActiveCfg = Release|Any CPU
		{68CE0944-3BBA-4F94-8C6E-B1C2CCD4F599}.Release|Any CPU.Build.0 = Release|Any CPU
		{68CE0944-3BBA-4F94-8C6E-B1C2CCD4F599}.Release|x64.ActiveCfg = Release|Any CPU
		{68CE0944-3BBA-4F94-8C6E-B1C2CCD4F599}.Release|x64.Build.0 = Release|Any CPU
		{68CE0944-3BBA-4F94-8C6E-B1C2CCD4F599}.Release|x86.ActiveCfg = Release|Any CPU
		{68CE0944-3BBA-4F94-8C6E-B1C2CCD4F599}.Release|x86.Build.0 = Release|Any CPU
		{9FA6D291-D2B4-45A7-AACB-F98CA11AD2C4}.Debug|Any CPU.ActiveCfg = Debug|Any CPU
		{9FA6D291-D2B4-45A7-AACB-F98CA11AD2C4}.Debug|Any CPU.Build.0 = Debug|Any CPU
		{9FA6D291-D2B4-45A7-AACB-F98CA11AD2C4}.Debug|x64.ActiveCfg = Debug|Any CPU
		{9FA6D291-D2B4-45A7-AACB-F98CA11AD2C4}.Debug|x64.Build.0 = Debug|Any CPU
		{9FA6D291-D2B4-45A7-AACB-F98CA11AD2C4}.Debug|x86.ActiveCfg = Debug|Any CPU
		{9FA6D291-D2B4-45A7-AACB-F98CA11AD2C4}.Debug|x86.Build.0 = Debug|Any CPU
		{9FA6D291-D2B4-45A7-AACB-F98CA11AD2C4}.Release|Any CPU.ActiveCfg = Release|Any CPU
		{9FA6D291-D2B4-45A7-AACB-F98CA11AD2C4}.Release|Any CPU.Build.0 = Release|Any CPU
		{9FA6D291-D2B4-45A7-AACB-F98CA11AD2C4}.Release|x64.ActiveCfg = Release|Any CPU
		{9FA6D291-D2B4-45A7-AACB-F98CA11AD2C4}.Release|x64.Build.0 = Release|Any CPU
		{9FA6D291-D2B4-45A7-AACB-F98CA11AD2C4}.Release|x86.ActiveCfg = Release|Any CPU
		{9FA6D291-D2B4-45A7-AACB-F98CA11AD2C4}.Release|x86.Build.0 = Release|Any CPU
		{3120462B-B879-4652-B127-9F6F2ADB56A1}.Debug|Any CPU.ActiveCfg = Debug|Any CPU
		{3120462B-B879-4652-B127-9F6F2ADB56A1}.Debug|Any CPU.Build.0 = Debug|Any CPU
		{3120462B-B879-4652-B127-9F6F2ADB56A1}.Debug|x64.ActiveCfg = Debug|Any CPU
		{3120462B-B879-4652-B127-9F6F2ADB56A1}.Debug|x64.Build.0 = Debug|Any CPU
		{3120462B-B879-4652-B127-9F6F2ADB56A1}.Debug|x86.ActiveCfg = Debug|Any CPU
		{3120462B-B879-4652-B127-9F6F2ADB56A1}.Debug|x86.Build.0 = Debug|Any CPU
		{3120462B-B879-4652-B127-9F6F2ADB56A1}.Release|Any CPU.ActiveCfg = Release|Any CPU
		{3120462B-B879-4652-B127-9F6F2ADB56A1}.Release|Any CPU.Build.0 = Release|Any CPU
		{3120462B-B879-4652-B127-9F6F2ADB56A1}.Release|x64.ActiveCfg = Release|Any CPU
		{3120462B-B879-4652-B127-9F6F2ADB56A1}.Release|x64.Build.0 = Release|Any CPU
		{3120462B-B879-4652-B127-9F6F2ADB56A1}.Release|x86.ActiveCfg = Release|Any CPU
		{3120462B-B879-4652-B127-9F6F2ADB56A1}.Release|x86.Build.0 = Release|Any CPU
		{0CAD729B-DEF0-4BEF-9B13-3FE5A6BFD536}.Debug|Any CPU.ActiveCfg = Debug|Any CPU
		{0CAD729B-DEF0-4BEF-9B13-3FE5A6BFD536}.Debug|Any CPU.Build.0 = Debug|Any CPU
		{0CAD729B-DEF0-4BEF-9B13-3FE5A6BFD536}.Debug|x64.ActiveCfg = Debug|Any CPU
		{0CAD729B-DEF0-4BEF-9B13-3FE5A6BFD536}.Debug|x64.Build.0 = Debug|Any CPU
		{0CAD729B-DEF0-4BEF-9B13-3FE5A6BFD536}.Debug|x86.ActiveCfg = Debug|Any CPU
		{0CAD729B-DEF0-4BEF-9B13-3FE5A6BFD536}.Debug|x86.Build.0 = Debug|Any CPU
		{0CAD729B-DEF0-4BEF-9B13-3FE5A6BFD536}.Release|Any CPU.ActiveCfg = Release|Any CPU
		{0CAD729B-DEF0-4BEF-9B13-3FE5A6BFD536}.Release|Any CPU.Build.0 = Release|Any CPU
		{0CAD729B-DEF0-4BEF-9B13-3FE5A6BFD536}.Release|x64.ActiveCfg = Release|Any CPU
		{0CAD729B-DEF0-4BEF-9B13-3FE5A6BFD536}.Release|x64.Build.0 = Release|Any CPU
		{0CAD729B-DEF0-4BEF-9B13-3FE5A6BFD536}.Release|x86.ActiveCfg = Release|Any CPU
		{0CAD729B-DEF0-4BEF-9B13-3FE5A6BFD536}.Release|x86.Build.0 = Release|Any CPU
		{515B6631-4482-42EF-A1E2-09115512CC1C}.Debug|Any CPU.ActiveCfg = Debug|Any CPU
		{515B6631-4482-42EF-A1E2-09115512CC1C}.Debug|Any CPU.Build.0 = Debug|Any CPU
		{515B6631-4482-42EF-A1E2-09115512CC1C}.Debug|x64.ActiveCfg = Debug|Any CPU
		{515B6631-4482-42EF-A1E2-09115512CC1C}.Debug|x64.Build.0 = Debug|Any CPU
		{515B6631-4482-42EF-A1E2-09115512CC1C}.Debug|x86.ActiveCfg = Debug|Any CPU
		{515B6631-4482-42EF-A1E2-09115512CC1C}.Debug|x86.Build.0 = Debug|Any CPU
		{515B6631-4482-42EF-A1E2-09115512CC1C}.Release|Any CPU.ActiveCfg = Release|Any CPU
		{515B6631-4482-42EF-A1E2-09115512CC1C}.Release|Any CPU.Build.0 = Release|Any CPU
		{515B6631-4482-42EF-A1E2-09115512CC1C}.Release|x64.ActiveCfg = Release|Any CPU
		{515B6631-4482-42EF-A1E2-09115512CC1C}.Release|x64.Build.0 = Release|Any CPU
		{515B6631-4482-42EF-A1E2-09115512CC1C}.Release|x86.ActiveCfg = Release|Any CPU
		{515B6631-4482-42EF-A1E2-09115512CC1C}.Release|x86.Build.0 = Release|Any CPU
		{2B8C0AB7-5BA9-4CAE-BE54-0E5AB31902E8}.Debug|Any CPU.ActiveCfg = Debug|Any CPU
		{2B8C0AB7-5BA9-4CAE-BE54-0E5AB31902E8}.Debug|Any CPU.Build.0 = Debug|Any CPU
		{2B8C0AB7-5BA9-4CAE-BE54-0E5AB31902E8}.Debug|x64.ActiveCfg = Debug|Any CPU
		{2B8C0AB7-5BA9-4CAE-BE54-0E5AB31902E8}.Debug|x64.Build.0 = Debug|Any CPU
		{2B8C0AB7-5BA9-4CAE-BE54-0E5AB31902E8}.Debug|x86.ActiveCfg = Debug|Any CPU
		{2B8C0AB7-5BA9-4CAE-BE54-0E5AB31902E8}.Debug|x86.Build.0 = Debug|Any CPU
		{2B8C0AB7-5BA9-4CAE-BE54-0E5AB31902E8}.Release|Any CPU.ActiveCfg = Release|Any CPU
		{2B8C0AB7-5BA9-4CAE-BE54-0E5AB31902E8}.Release|Any CPU.Build.0 = Release|Any CPU
		{2B8C0AB7-5BA9-4CAE-BE54-0E5AB31902E8}.Release|x64.ActiveCfg = Release|Any CPU
		{2B8C0AB7-5BA9-4CAE-BE54-0E5AB31902E8}.Release|x64.Build.0 = Release|Any CPU
		{2B8C0AB7-5BA9-4CAE-BE54-0E5AB31902E8}.Release|x86.ActiveCfg = Release|Any CPU
		{2B8C0AB7-5BA9-4CAE-BE54-0E5AB31902E8}.Release|x86.Build.0 = Release|Any CPU
		{02D69B2E-446A-4A6B-A05A-E1FB3CBD0FC9}.Debug|Any CPU.ActiveCfg = Debug|Any CPU
		{02D69B2E-446A-4A6B-A05A-E1FB3CBD0FC9}.Debug|Any CPU.Build.0 = Debug|Any CPU
		{02D69B2E-446A-4A6B-A05A-E1FB3CBD0FC9}.Debug|x64.ActiveCfg = Debug|Any CPU
		{02D69B2E-446A-4A6B-A05A-E1FB3CBD0FC9}.Debug|x64.Build.0 = Debug|Any CPU
		{02D69B2E-446A-4A6B-A05A-E1FB3CBD0FC9}.Debug|x86.ActiveCfg = Debug|Any CPU
		{02D69B2E-446A-4A6B-A05A-E1FB3CBD0FC9}.Debug|x86.Build.0 = Debug|Any CPU
		{02D69B2E-446A-4A6B-A05A-E1FB3CBD0FC9}.Release|Any CPU.ActiveCfg = Release|Any CPU
		{02D69B2E-446A-4A6B-A05A-E1FB3CBD0FC9}.Release|Any CPU.Build.0 = Release|Any CPU
		{02D69B2E-446A-4A6B-A05A-E1FB3CBD0FC9}.Release|x64.ActiveCfg = Release|Any CPU
		{02D69B2E-446A-4A6B-A05A-E1FB3CBD0FC9}.Release|x64.Build.0 = Release|Any CPU
		{02D69B2E-446A-4A6B-A05A-E1FB3CBD0FC9}.Release|x86.ActiveCfg = Release|Any CPU
		{02D69B2E-446A-4A6B-A05A-E1FB3CBD0FC9}.Release|x86.Build.0 = Release|Any CPU
		{3ECF99B3-5B1A-472D-BBE2-28A92E941165}.Debug|Any CPU.ActiveCfg = Debug|Any CPU
		{3ECF99B3-5B1A-472D-BBE2-28A92E941165}.Debug|Any CPU.Build.0 = Debug|Any CPU
		{3ECF99B3-5B1A-472D-BBE2-28A92E941165}.Debug|x64.ActiveCfg = Debug|Any CPU
		{3ECF99B3-5B1A-472D-BBE2-28A92E941165}.Debug|x64.Build.0 = Debug|Any CPU
		{3ECF99B3-5B1A-472D-BBE2-28A92E941165}.Debug|x86.ActiveCfg = Debug|Any CPU
		{3ECF99B3-5B1A-472D-BBE2-28A92E941165}.Debug|x86.Build.0 = Debug|Any CPU
		{3ECF99B3-5B1A-472D-BBE2-28A92E941165}.Release|Any CPU.ActiveCfg = Release|Any CPU
		{3ECF99B3-5B1A-472D-BBE2-28A92E941165}.Release|Any CPU.Build.0 = Release|Any CPU
		{3ECF99B3-5B1A-472D-BBE2-28A92E941165}.Release|x64.ActiveCfg = Release|Any CPU
		{3ECF99B3-5B1A-472D-BBE2-28A92E941165}.Release|x64.Build.0 = Release|Any CPU
		{3ECF99B3-5B1A-472D-BBE2-28A92E941165}.Release|x86.ActiveCfg = Release|Any CPU
		{3ECF99B3-5B1A-472D-BBE2-28A92E941165}.Release|x86.Build.0 = Release|Any CPU
		{7E3E0A27-E40B-489D-826C-62317EFFD74B}.Debug|Any CPU.ActiveCfg = Debug|Any CPU
		{7E3E0A27-E40B-489D-826C-62317EFFD74B}.Debug|Any CPU.Build.0 = Debug|Any CPU
		{7E3E0A27-E40B-489D-826C-62317EFFD74B}.Debug|x64.ActiveCfg = Debug|Any CPU
		{7E3E0A27-E40B-489D-826C-62317EFFD74B}.Debug|x64.Build.0 = Debug|Any CPU
		{7E3E0A27-E40B-489D-826C-62317EFFD74B}.Debug|x86.ActiveCfg = Debug|Any CPU
		{7E3E0A27-E40B-489D-826C-62317EFFD74B}.Debug|x86.Build.0 = Debug|Any CPU
		{7E3E0A27-E40B-489D-826C-62317EFFD74B}.Release|Any CPU.ActiveCfg = Release|Any CPU
		{7E3E0A27-E40B-489D-826C-62317EFFD74B}.Release|Any CPU.Build.0 = Release|Any CPU
		{7E3E0A27-E40B-489D-826C-62317EFFD74B}.Release|x64.ActiveCfg = Release|Any CPU
		{7E3E0A27-E40B-489D-826C-62317EFFD74B}.Release|x64.Build.0 = Release|Any CPU
		{7E3E0A27-E40B-489D-826C-62317EFFD74B}.Release|x86.ActiveCfg = Release|Any CPU
		{7E3E0A27-E40B-489D-826C-62317EFFD74B}.Release|x86.Build.0 = Release|Any CPU
		{A1E86ABD-47C0-4534-9F4D-1E338DBE25CF}.Debug|Any CPU.ActiveCfg = Debug|Any CPU
		{A1E86ABD-47C0-4534-9F4D-1E338DBE25CF}.Debug|Any CPU.Build.0 = Debug|Any CPU
		{A1E86ABD-47C0-4534-9F4D-1E338DBE25CF}.Debug|x64.ActiveCfg = Debug|Any CPU
		{A1E86ABD-47C0-4534-9F4D-1E338DBE25CF}.Debug|x64.Build.0 = Debug|Any CPU
		{A1E86ABD-47C0-4534-9F4D-1E338DBE25CF}.Debug|x86.ActiveCfg = Debug|Any CPU
		{A1E86ABD-47C0-4534-9F4D-1E338DBE25CF}.Debug|x86.Build.0 = Debug|Any CPU
		{A1E86ABD-47C0-4534-9F4D-1E338DBE25CF}.Release|Any CPU.ActiveCfg = Release|Any CPU
		{A1E86ABD-47C0-4534-9F4D-1E338DBE25CF}.Release|Any CPU.Build.0 = Release|Any CPU
		{A1E86ABD-47C0-4534-9F4D-1E338DBE25CF}.Release|x64.ActiveCfg = Release|Any CPU
		{A1E86ABD-47C0-4534-9F4D-1E338DBE25CF}.Release|x64.Build.0 = Release|Any CPU
		{A1E86ABD-47C0-4534-9F4D-1E338DBE25CF}.Release|x86.ActiveCfg = Release|Any CPU
		{A1E86ABD-47C0-4534-9F4D-1E338DBE25CF}.Release|x86.Build.0 = Release|Any CPU
	EndGlobalSection
	GlobalSection(SolutionProperties) = preSolution
		HideSolutionNode = FALSE
	EndGlobalSection
	GlobalSection(NestedProjects) = preSolution
		{3F9E3E57-FCA8-44EB-97E9-F10361E372EB} = {7343C046-FB3D-4236-8C42-386B9B6BB550}
		{3A53A6DF-D8A0-4411-8CF0-101CD1D40EFD} = {7343C046-FB3D-4236-8C42-386B9B6BB550}
		{24AC2738-4D4E-4DC4-A203-F811BC808727} = {26337BAA-F114-447F-AF97-160FC507EC46}
		{C245F2C8-2F45-4557-BBFC-FBD2C26A7225} = {26337BAA-F114-447F-AF97-160FC507EC46}
		{CE973709-D97C-4C6A-99EE-327620C5FDB1} = {26337BAA-F114-447F-AF97-160FC507EC46}
		{64D3A7B5-0550-4285-A808-10DA1300F7A1} = {3F9E3E57-FCA8-44EB-97E9-F10361E372EB}
		{1B1A2BDA-DEDC-4299-89DF-CC5477A1A60D} = {3F9E3E57-FCA8-44EB-97E9-F10361E372EB}
		{00609ADD-B5AB-4EA3-AE4E-9641F791FEA6} = {3F9E3E57-FCA8-44EB-97E9-F10361E372EB}
		{AF1961BA-1C47-4687-A21B-E41DA889E185} = {3A53A6DF-D8A0-4411-8CF0-101CD1D40EFD}
		{7D94F43B-1885-4F02-9A7C-BD2E5507F13F} = {3A53A6DF-D8A0-4411-8CF0-101CD1D40EFD}
		{68CE0944-3BBA-4F94-8C6E-B1C2CCD4F599} = {3A53A6DF-D8A0-4411-8CF0-101CD1D40EFD}
		{9FA6D291-D2B4-45A7-AACB-F98CA11AD2C4} = {0F4CE885-2F60-4690-8DA2-2FFB5D272908}
		{3120462B-B879-4652-B127-9F6F2ADB56A1} = {26F43F07-172B-48B3-AA73-1E86F2BFFB7F}
		{0CAD729B-DEF0-4BEF-9B13-3FE5A6BFD536} = {C19F46FD-A32E-46E5-A376-296A2AD2CABA}
		{0EC62A1A-9858-3A60-8A0C-FC9AACFA2EC7} = {7343C046-FB3D-4236-8C42-386B9B6BB550}
		{515B6631-4482-42EF-A1E2-09115512CC1C} = {0EC62A1A-9858-3A60-8A0C-FC9AACFA2EC7}
		{2B8C0AB7-5BA9-4CAE-BE54-0E5AB31902E8} = {0EC62A1A-9858-3A60-8A0C-FC9AACFA2EC7}
		{02D69B2E-446A-4A6B-A05A-E1FB3CBD0FC9} = {0EC62A1A-9858-3A60-8A0C-FC9AACFA2EC7}
		{2B4FD3D5-7523-42E3-6AAA-ADDC3268C88B} = {7343C046-FB3D-4236-8C42-386B9B6BB550}
		{3ECF99B3-5B1A-472D-BBE2-28A92E941165} = {2B4FD3D5-7523-42E3-6AAA-ADDC3268C88B}
		{7E3E0A27-E40B-489D-826C-62317EFFD74B} = {2B4FD3D5-7523-42E3-6AAA-ADDC3268C88B}
		{A1E86ABD-47C0-4534-9F4D-1E338DBE25CF} = {2B4FD3D5-7523-42E3-6AAA-ADDC3268C88B}
	EndGlobalSection
EndGlobal
